{"format_version":"1.0","terraform_version":"1.1.7","variables":{"azure_container_registry_admin_enabled":{"value":false},"azure_container_registry_georeplication_location_1":{"value":"East US"},"azure_container_registry_georeplication_zone_redundancy_enabled_1":{"value":true},"azure_container_registry_name":{"value":"azuw2acrd01"},"azure_container_registry_sku":{"value":"Premium"},"azure_cosmosdb_account_capabilities_name_1":{"value":"EnableAggregationPipeline"},"azure_cosmosdb_account_capabilities_name_2":{"value":"mongoEnableDocLevelTTL"},"azure_cosmosdb_account_capabilities_name_3":{"value":"MongoDBv3.4"},"azure_cosmosdb_account_capabilities_name_4":{"value":"EnableMongo"},"azure_cosmosdb_account_consistency_level":{"value":"BoundedStaleness"},"azure_cosmosdb_account_enable_automatic_failover":{"value":true},"azure_cosmosdb_account_geo_location_failover_priority_1":{"value":1},"azure_cosmosdb_account_geo_location_failover_priority_2":{"value":0},"azure_cosmosdb_account_geo_location_location_1":{"value":"eastus"},"azure_cosmosdb_account_geo_location_location_2":{"value":"westus"},"azure_cosmosdb_account_kind":{"value":"MongoDB"},"azure_cosmosdb_account_max_interval_in_seconds":{"value":300},"azure_cosmosdb_account_max_staleness_prefix":{"value":100000},"azure_cosmosdb_account_name":{"value":"azuw2cdbd01"},"azure_cosmosdb_account_offer_type":{"value":"Standard"},"azure_key_vault_access_policy_key_permissions":{"value":"Get"},"azure_key_vault_access_policy_secret_permissions":{"value":"Get"},"azure_key_vault_access_policy_storage_permissions":{"value":"Get"},"azure_key_vault_enabled_for_disk_encryption":{"value":true},"azure_key_vault_name":{"value":"azuw2kevd01"},"azure_key_vault_purge_protection_enabled":{"value":false},"azure_key_vault_sku_name":{"value":"standard"},"azure_key_vault_soft_delete_retention_days":{"value":7},"azure_kubernetes_cluster_api_server_access_profile_authorized_ip_ranges":{"value":["0.0.0.0/32"]},"azure_kubernetes_cluster_auto_scaler_profile_balance_similar_node_groups":{"value":true},"azure_kubernetes_cluster_auto_scaler_profile_expander":{"value":"priority"},"azure_kubernetes_cluster_default_node_pool_enable_auto_scaling":{"value":true},"azure_kubernetes_cluster_default_node_pool_max_count":{"value":3},"azure_kubernetes_cluster_default_node_pool_min_count":{"value":1},"azure_kubernetes_cluster_default_node_pool_name":{"value":"azuw2aksnode"},"azure_kubernetes_cluster_default_node_pool_node_count":{"value":1},"azure_kubernetes_cluster_default_node_pool_scale_down_mode":{"value":"Delete"},"azure_kubernetes_cluster_default_node_pool_type":{"value":"VirtualMachineScaleSets"},"azure_kubernetes_cluster_default_node_pool_vm_size":{"value":"Standard_D2_v2"},"azure_kubernetes_cluster_dns_prefix":{"value":"uw2coeaks"},"azure_kubernetes_cluster_kubernetes_version":{"value":"1.24.9"},"azure_kubernetes_cluster_name":{"value":"azuw2aksd01"},"azure_kubernetes_cluster_private_cluster_enabled":{"value":false},"azure_kubernetes_cluster_public_network_access_enabled":{"value":true},"azure_kubernetes_cluster_role_based_access_control_enabled":{"value":true},"azure_kubernetes_cluster_service_principal_client_id":{"value":"6fa04f34-4904-4620-8325-edc8d512380c"},"azure_kubernetes_cluster_service_principal_client_secret":{"value":"kTQ8Q~ZN954q4WNLjy9hRLz~2nhIpCFrISoAIdx7"},"azure_kubernetes_cluster_sku_tier":{"value":"Free"},"azure_nat_gateway_idle_timeout_in_minutes":{"value":10},"azure_nat_gateway_name":{"value":"azuw2natgd01"},"azure_nat_gateway_sku_name":{"value":"Standard"},"azure_network_security_group_name":{"value":"azuw2segd01"},"azure_network_security_group_name_nsg_rules_inbound":{"value":[{"access":"Allow","destination_address_prefix":"*","destination_port_range":"80","direction":"Inbound","name":"AllowWebIn","priority":100,"protocol":"Tcp","source_address_prefix":"*","source_port_range":"*"},{"access":"Allow","destination_address_prefix":"*","destination_port_range":"443","direction":"Inbound","name":"AllowSSLIn","priority":110,"protocol":"Tcp","source_address_prefix":"*","source_port_range":"*"},{"access":"Allow","destination_address_prefix":"*","destination_port_range":"3389","direction":"Inbound","name":"AllowRDPIn","priority":120,"protocol":"Tcp","source_address_prefix":"*","source_port_range":"*"}]},"azure_network_security_group_name_nsg_rules_outbound":{"value":[{"access":"Allow","destination_address_prefix":"*","destination_port_range":"80","direction":"Outbound","name":"AllowWebOut","priority":100,"protocol":"Tcp","source_address_prefix":"*","source_port_range":"*"},{"access":"Allow","destination_address_prefix":"*","destination_port_range":"443","direction":"Outbound","name":"AllowSSLOut","priority":110,"protocol":"Tcp","source_address_prefix":"*","source_port_range":"*"}]},"azure_public_ip_name":{"value":"azuw2natgatewaypublicipd01"},"azure_public_ip_name_allocation_method":{"value":"Static"},"azure_public_ip_prefix_length":{"value":30},"azure_public_ip_prefix_name":{"value":"azuw2natgatewaypublicprefixipd01"},"azure_public_ip_sku":{"value":"Standard"},"azure_public_ip_sku_tier":{"value":"Regional"},"azure_resource_group_location":{"value":"West US"},"azure_resource_group_name":{"value":"rg-latam-modernization-peru-westus-001"},"azure_storage_access_tier":{"value":"Hot"},"azure_storage_account_account_kind":{"value":"StorageV2"},"azure_storage_account_blob_properties_delete_retention_policy_days":{"value":5},"azure_storage_account_blob_properties_versioning_enabled":{"value":true},"azure_storage_account_enable_https_traffic_only":{"value":true},"azure_storage_account_min_tls_version":{"value":"TLS1_2"},"azure_storage_account_name":{"value":"azuw2stacd01"},"azure_storage_account_network_rules_default_action":{"value":"Allow"},"azure_storage_account_network_rules_ip_rules":{"value":["100.0.0.1"]},"azure_storage_account_replication_type":{"value":"GRS"},"azure_storage_account_tier":{"value":"Standard"},"azure_vnet_address_space":{"value":["10.1.0.0/16"]},"azure_vnet_dns_servers":{"value":["10.1.0.4","10.1.0.5"]},"azure_vnet_name":{"value":"azuw2vnetd01"},"azure_vnet_private_subnet_address_prefixes":{"value":["10.1.1.0/24"]},"azure_vnet_private_subnet_name":{"value":"private-subnet"},"azure_vnet_public_subnet_address_prefixes":{"value":["10.1.3.0/24"]},"azure_vnet_public_subnet_name":{"value":"public-subnet"},"cloud":{"value":"az"},"env":{"value":"dev01"},"primary_region":{"value":"us-west"},"project":{"value":"coe"},"region":{"value":"uw2"},"secondary_region":{"value":"us-east"},"tags_node_pool":{"value":"cluster-aks-coe-node-pool"}},"planned_values":{"root_module":{"child_modules":[{"resources":[{"address":"module.azure_container_registry.azurerm_container_registry.coe_azure_container_registry","mode":"managed","type":"azurerm_container_registry","name":"coe_azure_container_registry","provider_name":"registry.terraform.io/hashicorp/azurerm","schema_version":2,"values":{"admin_enabled":false,"anonymous_pull_enabled":null,"data_endpoint_enabled":null,"export_policy_enabled":true,"georeplications":[{"location":"eastus","regional_endpoint_enabled":null,"tags":{"Createdby":"Kyndryl","ENV":"dev01","Environment":"Develop","Name":"coe-azuw2acrd01-dev01","Project":"coe"},"zone_redundancy_enabled":true}],"identity":[],"location":"westus","name":"azuw2acrd01","network_rule_bypass_option":"AzureServices","public_network_access_enabled":true,"quarantine_policy_enabled":null,"resource_group_name":"rg-latam-modernization-peru-westus-001","sku":"Premium","tags":null,"timeouts":null,"zone_redundancy_enabled":false},"sensitive_values":{"encryption":[],"georeplications":[{"tags":{}}],"identity":[],"network_rule_set":[],"retention_policy":[],"trust_policy":[]}}],"address":"module.azure_container_registry"},{"resources":[{"address":"module.azure_cosmosdb.azurerm_cosmosdb_account.coe_azure_cosmosdb_account","mode":"managed","type":"azurerm_cosmosdb_account","name":"coe_azure_cosmosdb_account","provider_name":"registry.terraform.io/hashicorp/azurerm","schema_version":0,"values":{"access_key_metadata_writes_enabled":true,"analytical_storage_enabled":false,"capabilities":[{"name":"EnableAggregationPipeline"},{"name":"EnableMongo"},{"name":"MongoDBv3.4"},{"name":"mongoEnableDocLevelTTL"}],"consistency_policy":[{"consistency_level":"BoundedStaleness","max_interval_in_seconds":300,"max_staleness_prefix":100000}],"cors_rule":[],"enable_automatic_failover":true,"enable_free_tier":false,"enable_multiple_write_locations":false,"geo_location":[{"failover_priority":0,"location":"westus","zone_redundant":false},{"failover_priority":1,"location":"eastus","zone_redundant":false}],"identity":[],"ip_range_filter":null,"is_virtual_network_filter_enabled":false,"key_vault_key_id":null,"kind":"MongoDB","local_authentication_disabled":false,"location":"westus","name":"azuw2cdbd01","network_acl_bypass_for_azure_services":false,"network_acl_bypass_ids":null,"offer_type":"Standard","public_network_access_enabled":true,"resource_group_name":"rg-latam-modernization-peru-westus-001","restore":[],"tags":{"Createdby":"Kyndryl","ENV":"dev01","Environment":"Develop","Name":"coe-azwe2cdbd01-dev01","Project":"coe"},"timeouts":null,"virtual_network_rule":[]},"sensitive_values":{"analytical_storage":[],"backup":[],"capabilities":[{},{},{},{}],"capacity":[],"connection_strings":[],"consistency_policy":[{}],"cors_rule":[],"geo_location":[{},{}],"identity":[],"read_endpoints":[],"restore":[],"tags":{},"virtual_network_rule":[],"write_endpoints":[]}}],"address":"module.azure_cosmosdb"},{"resources":[{"address":"module.azure_key_vault.azurerm_key_vault.coe_azure_key_vault","mode":"managed","type":"azurerm_key_vault","name":"coe_azure_key_vault","provider_name":"registry.terraform.io/hashicorp/azurerm","schema_version":2,"values":{"access_policy":[{"application_id":null,"certificate_permissions":null,"key_permissions":["Get"],"object_id":"82d55ef9-fbce-4c78-aeed-28ae23c28b8b","secret_permissions":["Get"],"storage_permissions":["Get"],"tenant_id":"d1c719f7-cc48-4f9f-83ec-f706a2a940fe"}],"contact":[],"enable_rbac_authorization":null,"enabled_for_deployment":null,"enabled_for_disk_encryption":true,"enabled_for_template_deployment":null,"location":"westus","name":"azuw2kevd01","public_network_access_enabled":true,"purge_protection_enabled":false,"resource_group_name":"rg-latam-modernization-peru-westus-001","sku_name":"standard","soft_delete_retention_days":7,"tags":{"Createdby":"Kyndryl","ENV":"dev01","Environment":"Develop","Name":"coe-azuw2kevd01-dev01","Project":"coe"},"tenant_id":"d1c719f7-cc48-4f9f-83ec-f706a2a940fe","timeouts":null},"sensitive_values":{"access_policy":[{"key_permissions":[false],"secret_permissions":[false],"storage_permissions":[false]}],"contact":[],"network_acls":[],"tags":{}}}],"address":"module.azure_key_vault"},{"resources":[{"address":"module.azure_kubernetes.azurerm_kubernetes_cluster.coe_azure_kubernetes_cluster","mode":"managed","type":"azurerm_kubernetes_cluster","name":"coe_azure_kubernetes_cluster","provider_name":"registry.terraform.io/hashicorp/azurerm","schema_version":2,"values":{"aci_connector_linux":[],"api_server_access_profile":[{"authorized_ip_ranges":["0.0.0.0/32"],"subnet_id":null,"vnet_integration_enabled":false}],"auto_scaler_profile":[{"balance_similar_node_groups":true,"expander":"priority","max_node_provisioning_time":"15m","max_unready_nodes":3,"max_unready_percentage":45,"skip_nodes_with_local_storage":true,"skip_nodes_with_system_pods":true}],"automatic_channel_upgrade":null,"azure_active_directory_role_based_access_control":[],"azure_policy_enabled":null,"confidential_computing":[],"default_node_pool":[{"capacity_reservation_group_id":null,"custom_ca_trust_enabled":null,"enable_auto_scaling":true,"enable_host_encryption":null,"enable_node_public_ip":null,"fips_enabled":null,"host_group_id":null,"kubelet_config":[],"linux_os_config":[],"max_count":3,"message_of_the_day":null,"min_count":1,"name":"azuw2aksnode","node_count":1,"node_network_profile":[],"node_public_ip_prefix_id":null,"node_taints":null,"only_critical_addons_enabled":null,"os_disk_type":"Managed","pod_subnet_id":null,"proximity_placement_group_id":null,"scale_down_mode":"Delete","tags":{"Createdby":"Kyndryl","ENV":"dev01","Environment":"Develop","Name":"dev01-coe-defaultaksnodepoold01","Project":"coe"},"type":"VirtualMachineScaleSets","ultra_ssd_enabled":false,"upgrade_settings":[],"vm_size":"Standard_D2_v2","vnet_subnet_id":null,"zones":null}],"disk_encryption_set_id":null,"dns_prefix":"uw2coeaks","dns_prefix_private_cluster":null,"edge_zone":null,"enable_pod_security_policy":null,"http_application_routing_enabled":null,"http_proxy_config":[],"identity":[],"image_cleaner_enabled":false,"image_cleaner_interval_hours":48,"ingress_application_gateway":[],"key_management_service":[],"key_vault_secrets_provider":[],"kubernetes_version":"1.24.9","linux_profile":[],"local_account_disabled":null,"location":"westus","maintenance_window":[],"microsoft_defender":[],"monitor_metrics":[],"name":"azuw2aksd01","oidc_issuer_enabled":null,"oms_agent":[],"open_service_mesh_enabled":null,"private_cluster_enabled":false,"private_cluster_public_fqdn_enabled":false,"public_network_access_enabled":true,"resource_group_name":"rg-latam-modernization-peru-westus-001","role_based_access_control_enabled":true,"run_command_enabled":true,"service_principal":[{"client_id":"6fa04f34-4904-4620-8325-edc8d512380c","client_secret":"kTQ8Q~ZN954q4WNLjy9hRLz~2nhIpCFrISoAIdx7"}],"sku_tier":"Free","storage_profile":[],"tags":{"Createdby":"Kyndryl","ENV":"dev01","Environment":"Develop","Name":"coe-azuw2aksd01-dev01","Project":"coe"},"timeouts":null,"web_app_routing":[],"workload_autoscaler_profile":[],"workload_identity_enabled":false},"sensitive_values":{"aci_connector_linux":[],"api_server_access_profile":[{"authorized_ip_ranges":[false]}],"api_server_authorized_ip_ranges":[],"auto_scaler_profile":[{}],"azure_active_directory_role_based_access_control":[],"confidential_computing":[],"default_node_pool":[{"kubelet_config":[],"linux_os_config":[],"node_labels":{},"node_network_profile":[],"tags":{},"upgrade_settings":[]}],"http_proxy_config":[],"identity":[],"ingress_application_gateway":[],"key_management_service":[],"key_vault_secrets_provider":[],"kube_admin_config":[],"kube_config":[],"kubelet_identity":[],"linux_profile":[],"maintenance_window":[],"microsoft_defender":[],"monitor_metrics":[],"network_profile":[],"oms_agent":[],"service_principal":[{}],"storage_profile":[],"tags":{},"web_app_routing":[],"windows_profile":[],"workload_autoscaler_profile":[]}}],"address":"module.azure_kubernetes"},{"resources":[{"address":"module.azure_networking.azurerm_nat_gateway.coe_azure_nat_gateway","mode":"managed","type":"azurerm_nat_gateway","name":"coe_azure_nat_gateway","provider_name":"registry.terraform.io/hashicorp/azurerm","schema_version":0,"values":{"idle_timeout_in_minutes":10,"location":"westus","name":"azuw2natgd01","resource_group_name":"rg-latam-modernization-peru-westus-001","sku_name":"Standard","tags":{"Createdby":"Kyndryl","ENV":"dev01","Environment":"Develop","Name":"coe-azuw2vnetd01-dev01","Project":"coe"},"timeouts":null,"zones":null},"sensitive_values":{"tags":{}}},{"address":"module.azure_networking.azurerm_nat_gateway_public_ip_association.coe_azure_nat_gateway_with_public_ip_association","mode":"managed","type":"azurerm_nat_gateway_public_ip_association","name":"coe_azure_nat_gateway_with_public_ip_association","provider_name":"registry.terraform.io/hashicorp/azurerm","schema_version":0,"values":{"timeouts":null},"sensitive_values":{}},{"address":"module.azure_networking.azurerm_public_ip.coe_azure_public_ip","mode":"managed","type":"azurerm_public_ip","name":"coe_azure_public_ip","provider_name":"registry.terraform.io/hashicorp/azurerm","schema_version":0,"values":{"allocation_method":"Static","ddos_protection_mode":"VirtualNetworkInherited","ddos_protection_plan_id":null,"domain_name_label":null,"edge_zone":null,"idle_timeout_in_minutes":4,"ip_tags":null,"ip_version":"IPv4","location":"westus","name":"azuw2natgatewaypublicipd01","public_ip_prefix_id":null,"resource_group_name":"rg-latam-modernization-peru-westus-001","reverse_fqdn":null,"sku":"Standard","sku_tier":"Regional","tags":{"Createdby":"Kyndryl","ENV":"dev01","Environment":"Develop","Name":"coe-azuw2vnetd01-dev01","Project":"coe"},"timeouts":null,"zones":null},"sensitive_values":{"tags":{}}},{"address":"module.azure_networking.azurerm_public_ip_prefix.coe_azure_public_ip_prefix","mode":"managed","type":"azurerm_public_ip_prefix","name":"coe_azure_public_ip_prefix","provider_name":"registry.terraform.io/hashicorp/azurerm","schema_version":0,"values":{"ip_version":"IPv4","location":"westus","name":"azuw2natgatewaypublicprefixipd01","prefix_length":30,"resource_group_name":"rg-latam-modernization-peru-westus-001","sku":"Standard","tags":{"Createdby":"Kyndryl","ENV":"dev01","Environment":"Develop","Name":"coe-azuw2vnetd01-dev01","Project":"coe"},"timeouts":null,"zones":null},"sensitive_values":{"tags":{}}},{"address":"module.azure_networking.azurerm_subnet.coe_azure_private_subnet","mode":"managed","type":"azurerm_subnet","name":"coe_azure_private_subnet","provider_name":"registry.terraform.io/hashicorp/azurerm","schema_version":0,"values":{"address_prefixes":["10.1.1.0/24"],"delegation":[],"name":"private-subnet","resource_group_name":"rg-latam-modernization-peru-westus-001","service_endpoint_policy_ids":null,"service_endpoints":null,"timeouts":null,"virtual_network_name":"azuw2vnetd01"},"sensitive_values":{"address_prefixes":[false],"delegation":[]}},{"address":"module.azure_networking.azurerm_subnet.coe_azure_public_subnet","mode":"managed","type":"azurerm_subnet","name":"coe_azure_public_subnet","provider_name":"registry.terraform.io/hashicorp/azurerm","schema_version":0,"values":{"address_prefixes":["10.1.3.0/24"],"delegation":[],"name":"public-subnet","resource_group_name":"rg-latam-modernization-peru-westus-001","service_endpoint_policy_ids":null,"service_endpoints":null,"timeouts":null,"virtual_network_name":"azuw2vnetd01"},"sensitive_values":{"address_prefixes":[false],"delegation":[]}},{"address":"module.azure_networking.azurerm_subnet_nat_gateway_association.coe_azure_nat_gateway_with_subnet_association","mode":"managed","type":"azurerm_subnet_nat_gateway_association","name":"coe_azure_nat_gateway_with_subnet_association","provider_name":"registry.terraform.io/hashicorp/azurerm","schema_version":0,"values":{"timeouts":null},"sensitive_values":{}},{"address":"module.azure_networking.azurerm_subnet_network_security_group_association.coe_azure_subnet_network_security_group_association","mode":"managed","type":"azurerm_subnet_network_security_group_association","name":"coe_azure_subnet_network_security_group_association","provider_name":"registry.terraform.io/hashicorp/azurerm","schema_version":0,"values":{"timeouts":null},"sensitive_values":{}},{"address":"module.azure_networking.azurerm_virtual_network.coe_azure_vnet","mode":"managed","type":"azurerm_virtual_network","name":"coe_azure_vnet","provider_name":"registry.terraform.io/hashicorp/azurerm","schema_version":0,"values":{"address_space":["10.1.0.0/16"],"bgp_community":null,"ddos_protection_plan":[],"dns_servers":["10.1.0.4","10.1.0.5"],"edge_zone":null,"flow_timeout_in_minutes":null,"location":"westus","name":"azuw2vnetd01","resource_group_name":"rg-latam-modernization-peru-westus-001","tags":{"Createdby":"Kyndryl","ENV":"dev01","Environment":"Develop","Name":"coe-azuw2vnetd01-dev01","Project":"coe"},"timeouts":null},"sensitive_values":{"address_space":[false],"ddos_protection_plan":[],"dns_servers":[false,false],"subnet":[],"tags":{}}}],"address":"module.azure_networking"},{"resources":[{"address":"module.azure_security_group.azurerm_network_security_group.network_security_group","mode":"managed","type":"azurerm_network_security_group","name":"network_security_group","provider_name":"registry.terraform.io/hashicorp/azurerm","schema_version":0,"values":{"location":"westus","name":"azuw2segd01","resource_group_name":"rg-latam-modernization-peru-westus-001","security_rule":[{"access":"Allow","description":"","destination_address_prefix":"*","destination_address_prefixes":[],"destination_application_security_group_ids":[],"destination_port_range":"3389","destination_port_ranges":[],"direction":"Inbound","name":"AllowRDPIn","priority":120,"protocol":"Tcp","source_address_prefix":"*","source_address_prefixes":[],"source_application_security_group_ids":[],"source_port_range":"*","source_port_ranges":[]},{"access":"Allow","description":"","destination_address_prefix":"*","destination_address_prefixes":[],"destination_application_security_group_ids":[],"destination_port_range":"443","destination_port_ranges":[],"direction":"Inbound","name":"AllowSSLIn","priority":110,"protocol":"Tcp","source_address_prefix":"*","source_address_prefixes":[],"source_application_security_group_ids":[],"source_port_range":"*","source_port_ranges":[]},{"access":"Allow","description":"","destination_address_prefix":"*","destination_address_prefixes":[],"destination_application_security_group_ids":[],"destination_port_range":"443","destination_port_ranges":[],"direction":"Outbound","name":"AllowSSLOut","priority":110,"protocol":"Tcp","source_address_prefix":"*","source_address_prefixes":[],"source_application_security_group_ids":[],"source_port_range":"*","source_port_ranges":[]},{"access":"Allow","description":"","destination_address_prefix":"*","destination_address_prefixes":[],"destination_application_security_group_ids":[],"destination_port_range":"80","destination_port_ranges":[],"direction":"Inbound","name":"AllowWebIn","priority":100,"protocol":"Tcp","source_address_prefix":"*","source_address_prefixes":[],"source_application_security_group_ids":[],"source_port_range":"*","source_port_ranges":[]},{"access":"Allow","description":"","destination_address_prefix":"*","destination_address_prefixes":[],"destination_application_security_group_ids":[],"destination_port_range":"80","destination_port_ranges":[],"direction":"Outbound","name":"AllowWebOut","priority":100,"protocol":"Tcp","source_address_prefix":"*","source_address_prefixes":[],"source_application_security_group_ids":[],"source_port_range":"*","source_port_ranges":[]}],"tags":{"Createdby":"Kyndryl","ENV":"dev01","Environment":"Develop","Name":"coe-azuw2segd01-dev01","Project":"coe"},"timeouts":null},"sensitive_values":{"security_rule":[{"destination_address_prefixes":[],"destination_application_security_group_ids":[],"destination_port_ranges":[],"source_address_prefixes":[],"source_application_security_group_ids":[],"source_port_ranges":[]},{"destination_address_prefixes":[],"destination_application_security_group_ids":[],"destination_port_ranges":[],"source_address_prefixes":[],"source_application_security_group_ids":[],"source_port_ranges":[]},{"destination_address_prefixes":[],"destination_application_security_group_ids":[],"destination_port_ranges":[],"source_address_prefixes":[],"source_application_security_group_ids":[],"source_port_ranges":[]},{"destination_address_prefixes":[],"destination_application_security_group_ids":[],"destination_port_ranges":[],"source_address_prefixes":[],"source_application_security_group_ids":[],"source_port_ranges":[]},{"destination_address_prefixes":[],"destination_application_security_group_ids":[],"destination_port_ranges":[],"source_address_prefixes":[],"source_application_security_group_ids":[],"source_port_ranges":[]}],"tags":{}}}],"address":"module.azure_security_group"},{"resources":[{"address":"module.azure_storage_account.azurerm_storage_account.coe_azure_storage_account","mode":"managed","type":"azurerm_storage_account","name":"coe_azure_storage_account","provider_name":"registry.terraform.io/hashicorp/azurerm","schema_version":3,"values":{"access_tier":"Hot","account_kind":"StorageV2","account_replication_type":"GRS","account_tier":"Standard","allow_nested_items_to_be_public":true,"allowed_copy_scope":null,"azure_files_authentication":[],"blob_properties":[{"change_feed_enabled":false,"change_feed_retention_in_days":null,"container_delete_retention_policy":[],"cors_rule":[],"delete_retention_policy":[{"days":5}],"last_access_time_enabled":false,"restore_policy":[],"versioning_enabled":true}],"cross_tenant_replication_enabled":true,"custom_domain":[],"customer_managed_key":[],"default_to_oauth_authentication":false,"edge_zone":null,"enable_https_traffic_only":true,"identity":[],"immutability_policy":[],"infrastructure_encryption_enabled":false,"is_hns_enabled":false,"location":"westus","min_tls_version":"TLS1_2","name":"azuw2stacd01","network_rules":[{"default_action":"Allow","ip_rules":["100.0.0.1"],"private_link_access":[]}],"nfsv3_enabled":false,"public_network_access_enabled":true,"queue_encryption_key_type":"Service","resource_group_name":"rg-latam-modernization-peru-westus-001","sas_policy":[],"sftp_enabled":false,"shared_access_key_enabled":true,"static_website":[],"table_encryption_key_type":"Service","tags":{"Createdby":"Kyndryl","ENV":"dev01","Environment":"Develop","Name":"coe-azwe1stacd01-dev01","Project":"coe"},"timeouts":null},"sensitive_values":{"azure_files_authentication":[],"blob_properties":[{"container_delete_retention_policy":[],"cors_rule":[],"delete_retention_policy":[{}],"restore_policy":[]}],"custom_domain":[],"customer_managed_key":[],"identity":[],"immutability_policy":[],"network_rules":[{"bypass":[],"ip_rules":[false],"private_link_access":[],"virtual_network_subnet_ids":[]}],"queue_properties":[],"routing":[],"sas_policy":[],"share_properties":[],"static_website":[],"tags":{}}}],"address":"module.azure_storage_account"}]}},"resource_changes":[{"address":"module.azure_container_registry.azurerm_container_registry.coe_azure_container_registry","module_address":"module.azure_container_registry","mode":"managed","type":"azurerm_container_registry","name":"coe_azure_container_registry","provider_name":"registry.terraform.io/hashicorp/azurerm","change":{"actions":["create"],"before":null,"after":{"admin_enabled":false,"anonymous_pull_enabled":null,"data_endpoint_enabled":null,"export_policy_enabled":true,"georeplications":[{"location":"eastus","regional_endpoint_enabled":null,"tags":{"Createdby":"Kyndryl","ENV":"dev01","Environment":"Develop","Name":"coe-azuw2acrd01-dev01","Project":"coe"},"zone_redundancy_enabled":true}],"identity":[],"location":"westus","name":"azuw2acrd01","network_rule_bypass_option":"AzureServices","public_network_access_enabled":true,"quarantine_policy_enabled":null,"resource_group_name":"rg-latam-modernization-peru-westus-001","sku":"Premium","tags":null,"timeouts":null,"zone_redundancy_enabled":false},"after_unknown":{"admin_password":true,"admin_username":true,"encryption":true,"georeplications":[{"tags":{}}],"id":true,"identity":[],"login_server":true,"network_rule_set":true,"retention_policy":true,"trust_policy":true},"before_sensitive":false,"after_sensitive":{"admin_password":true,"encryption":[],"georeplications":[{"tags":{}}],"identity":[],"network_rule_set":[],"retention_policy":[],"trust_policy":[]}}},{"address":"module.azure_cosmosdb.azurerm_cosmosdb_account.coe_azure_cosmosdb_account","module_address":"module.azure_cosmosdb","mode":"managed","type":"azurerm_cosmosdb_account","name":"coe_azure_cosmosdb_account","provider_name":"registry.terraform.io/hashicorp/azurerm","change":{"actions":["create"],"before":null,"after":{"access_key_metadata_writes_enabled":true,"analytical_storage_enabled":false,"capabilities":[{"name":"EnableAggregationPipeline"},{"name":"EnableMongo"},{"name":"MongoDBv3.4"},{"name":"mongoEnableDocLevelTTL"}],"consistency_policy":[{"consistency_level":"BoundedStaleness","max_interval_in_seconds":300,"max_staleness_prefix":100000}],"cors_rule":[],"enable_automatic_failover":true,"enable_free_tier":false,"enable_multiple_write_locations":false,"geo_location":[{"failover_priority":0,"location":"westus","zone_redundant":false},{"failover_priority":1,"location":"eastus","zone_redundant":false}],"identity":[],"ip_range_filter":null,"is_virtual_network_filter_enabled":false,"key_vault_key_id":null,"kind":"MongoDB","local_authentication_disabled":false,"location":"westus","name":"azuw2cdbd01","network_acl_bypass_for_azure_services":false,"network_acl_bypass_ids":null,"offer_type":"Standard","public_network_access_enabled":true,"resource_group_name":"rg-latam-modernization-peru-westus-001","restore":[],"tags":{"Createdby":"Kyndryl","ENV":"dev01","Environment":"Develop","Name":"coe-azwe2cdbd01-dev01","Project":"coe"},"timeouts":null,"virtual_network_rule":[]},"after_unknown":{"analytical_storage":true,"backup":true,"capabilities":[{},{},{},{}],"capacity":true,"connection_strings":true,"consistency_policy":[{}],"cors_rule":[],"create_mode":true,"default_identity_type":true,"endpoint":true,"geo_location":[{"id":true},{"id":true}],"id":true,"identity":[],"mongo_server_version":true,"primary_key":true,"primary_readonly_key":true,"primary_readonly_sql_connection_string":true,"primary_sql_connection_string":true,"read_endpoints":true,"restore":[],"secondary_key":true,"secondary_readonly_key":true,"secondary_readonly_sql_connection_string":true,"secondary_sql_connection_string":true,"tags":{},"virtual_network_rule":[],"write_endpoints":true},"before_sensitive":false,"after_sensitive":{"analytical_storage":[],"backup":[],"capabilities":[{},{},{},{}],"capacity":[],"connection_strings":true,"consistency_policy":[{}],"cors_rule":[],"geo_location":[{},{}],"identity":[],"primary_key":true,"primary_readonly_key":true,"primary_readonly_sql_connection_string":true,"primary_sql_connection_string":true,"read_endpoints":[],"restore":[],"secondary_key":true,"secondary_readonly_key":true,"secondary_readonly_sql_connection_string":true,"secondary_sql_connection_string":true,"tags":{},"virtual_network_rule":[],"write_endpoints":[]}}},{"address":"module.azure_key_vault.azurerm_key_vault.coe_azure_key_vault","module_address":"module.azure_key_vault","mode":"managed","type":"azurerm_key_vault","name":"coe_azure_key_vault","provider_name":"registry.terraform.io/hashicorp/azurerm","change":{"actions":["create"],"before":null,"after":{"access_policy":[{"application_id":null,"certificate_permissions":null,"key_permissions":["Get"],"object_id":"82d55ef9-fbce-4c78-aeed-28ae23c28b8b","secret_permissions":["Get"],"storage_permissions":["Get"],"tenant_id":"d1c719f7-cc48-4f9f-83ec-f706a2a940fe"}],"contact":[],"enable_rbac_authorization":null,"enabled_for_deployment":null,"enabled_for_disk_encryption":true,"enabled_for_template_deployment":null,"location":"westus","name":"azuw2kevd01","public_network_access_enabled":true,"purge_protection_enabled":false,"resource_group_name":"rg-latam-modernization-peru-westus-001","sku_name":"standard","soft_delete_retention_days":7,"tags":{"Createdby":"Kyndryl","ENV":"dev01","Environment":"Develop","Name":"coe-azuw2kevd01-dev01","Project":"coe"},"tenant_id":"d1c719f7-cc48-4f9f-83ec-f706a2a940fe","timeouts":null},"after_unknown":{"access_policy":[{"key_permissions":[false],"secret_permissions":[false],"storage_permissions":[false]}],"contact":[],"id":true,"network_acls":true,"tags":{},"vault_uri":true},"before_sensitive":false,"after_sensitive":{"access_policy":[{"key_permissions":[false],"secret_permissions":[false],"storage_permissions":[false]}],"contact":[],"network_acls":[],"tags":{}}}},{"address":"module.azure_kubernetes.azurerm_kubernetes_cluster.coe_azure_kubernetes_cluster","module_address":"module.azure_kubernetes","mode":"managed","type":"azurerm_kubernetes_cluster","name":"coe_azure_kubernetes_cluster","provider_name":"registry.terraform.io/hashicorp/azurerm","change":{"actions":["create"],"before":null,"after":{"aci_connector_linux":[],"api_server_access_profile":[{"authorized_ip_ranges":["0.0.0.0/32"],"subnet_id":null,"vnet_integration_enabled":false}],"auto_scaler_profile":[{"balance_similar_node_groups":true,"expander":"priority","max_node_provisioning_time":"15m","max_unready_nodes":3,"max_unready_percentage":45,"skip_nodes_with_local_storage":true,"skip_nodes_with_system_pods":true}],"automatic_channel_upgrade":null,"azure_active_directory_role_based_access_control":[],"azure_policy_enabled":null,"confidential_computing":[],"default_node_pool":[{"capacity_reservation_group_id":null,"custom_ca_trust_enabled":null,"enable_auto_scaling":true,"enable_host_encryption":null,"enable_node_public_ip":null,"fips_enabled":null,"host_group_id":null,"kubelet_config":[],"linux_os_config":[],"max_count":3,"message_of_the_day":null,"min_count":1,"name":"azuw2aksnode","node_count":1,"node_network_profile":[],"node_public_ip_prefix_id":null,"node_taints":null,"only_critical_addons_enabled":null,"os_disk_type":"Managed","pod_subnet_id":null,"proximity_placement_group_id":null,"scale_down_mode":"Delete","tags":{"Createdby":"Kyndryl","ENV":"dev01","Environment":"Develop","Name":"dev01-coe-defaultaksnodepoold01","Project":"coe"},"type":"VirtualMachineScaleSets","ultra_ssd_enabled":false,"upgrade_settings":[],"vm_size":"Standard_D2_v2","vnet_subnet_id":null,"zones":null}],"disk_encryption_set_id":null,"dns_prefix":"uw2coeaks","dns_prefix_private_cluster":null,"edge_zone":null,"enable_pod_security_policy":null,"http_application_routing_enabled":null,"http_proxy_config":[],"identity":[],"image_cleaner_enabled":false,"image_cleaner_interval_hours":48,"ingress_application_gateway":[],"key_management_service":[],"key_vault_secrets_provider":[],"kubernetes_version":"1.24.9","linux_profile":[],"local_account_disabled":null,"location":"westus","maintenance_window":[],"microsoft_defender":[],"monitor_metrics":[],"name":"azuw2aksd01","oidc_issuer_enabled":null,"oms_agent":[],"open_service_mesh_enabled":null,"private_cluster_enabled":false,"private_cluster_public_fqdn_enabled":false,"public_network_access_enabled":true,"resource_group_name":"rg-latam-modernization-peru-westus-001","role_based_access_control_enabled":true,"run_command_enabled":true,"service_principal":[{"client_id":"6fa04f34-4904-4620-8325-edc8d512380c","client_secret":"kTQ8Q~ZN954q4WNLjy9hRLz~2nhIpCFrISoAIdx7"}],"sku_tier":"Free","storage_profile":[],"tags":{"Createdby":"Kyndryl","ENV":"dev01","Environment":"Develop","Name":"coe-azuw2aksd01-dev01","Project":"coe"},"timeouts":null,"web_app_routing":[],"workload_autoscaler_profile":[],"workload_identity_enabled":false},"after_unknown":{"aci_connector_linux":[],"api_server_access_profile":[{"authorized_ip_ranges":[false]}],"api_server_authorized_ip_ranges":true,"auto_scaler_profile":[{"empty_bulk_delete_max":true,"max_graceful_termination_sec":true,"new_pod_scale_up_delay":true,"scale_down_delay_after_add":true,"scale_down_delay_after_delete":true,"scale_down_delay_after_failure":true,"scale_down_unneeded":true,"scale_down_unready":true,"scale_down_utilization_threshold":true,"scan_interval":true}],"azure_active_directory_role_based_access_control":[],"confidential_computing":[],"default_node_pool":[{"kubelet_config":[],"kubelet_disk_type":true,"linux_os_config":[],"max_pods":true,"node_labels":true,"node_network_profile":[],"orchestrator_version":true,"os_disk_size_gb":true,"os_sku":true,"tags":{},"upgrade_settings":[],"workload_runtime":true}],"fqdn":true,"http_application_routing_zone_name":true,"http_proxy_config":[],"id":true,"identity":[],"ingress_application_gateway":[],"key_management_service":[],"key_vault_secrets_provider":[],"kube_admin_config":true,"kube_admin_config_raw":true,"kube_config":true,"kube_config_raw":true,"kubelet_identity":true,"linux_profile":[],"maintenance_window":[],"microsoft_defender":[],"monitor_metrics":[],"network_profile":true,"node_resource_group":true,"oidc_issuer_url":true,"oms_agent":[],"portal_fqdn":true,"private_dns_zone_id":true,"private_fqdn":true,"service_principal":[{}],"storage_profile":[],"tags":{},"web_app_routing":[],"windows_profile":true,"workload_autoscaler_profile":[]},"before_sensitive":false,"after_sensitive":{"aci_connector_linux":[],"api_server_access_profile":[{"authorized_ip_ranges":[false]}],"api_server_authorized_ip_ranges":[],"auto_scaler_profile":[{}],"azure_active_directory_role_based_access_control":[],"confidential_computing":[],"default_node_pool":[{"kubelet_config":[],"linux_os_config":[],"node_labels":{},"node_network_profile":[],"tags":{},"upgrade_settings":[]}],"http_proxy_config":[],"identity":[],"ingress_application_gateway":[],"key_management_service":[],"key_vault_secrets_provider":[],"kube_admin_config":true,"kube_admin_config_raw":true,"kube_config":true,"kube_config_raw":true,"kubelet_identity":[],"linux_profile":[],"maintenance_window":[],"microsoft_defender":[],"monitor_metrics":[],"network_profile":[],"oms_agent":[],"service_principal":[{"client_secret":true}],"storage_profile":[],"tags":{},"web_app_routing":[],"windows_profile":[],"workload_autoscaler_profile":[]}}},{"address":"module.azure_networking.azurerm_nat_gateway.coe_azure_nat_gateway","module_address":"module.azure_networking","mode":"managed","type":"azurerm_nat_gateway","name":"coe_azure_nat_gateway","provider_name":"registry.terraform.io/hashicorp/azurerm","change":{"actions":["create"],"before":null,"after":{"idle_timeout_in_minutes":10,"location":"westus","name":"azuw2natgd01","resource_group_name":"rg-latam-modernization-peru-westus-001","sku_name":"Standard","tags":{"Createdby":"Kyndryl","ENV":"dev01","Environment":"Develop","Name":"coe-azuw2vnetd01-dev01","Project":"coe"},"timeouts":null,"zones":null},"after_unknown":{"id":true,"resource_guid":true,"tags":{}},"before_sensitive":false,"after_sensitive":{"tags":{}}}},{"address":"module.azure_networking.azurerm_nat_gateway_public_ip_association.coe_azure_nat_gateway_with_public_ip_association","module_address":"module.azure_networking","mode":"managed","type":"azurerm_nat_gateway_public_ip_association","name":"coe_azure_nat_gateway_with_public_ip_association","provider_name":"registry.terraform.io/hashicorp/azurerm","change":{"actions":["create"],"before":null,"after":{"timeouts":null},"after_unknown":{"id":true,"nat_gateway_id":true,"public_ip_address_id":true},"before_sensitive":false,"after_sensitive":{}}},{"address":"module.azure_networking.azurerm_public_ip.coe_azure_public_ip","module_address":"module.azure_networking","mode":"managed","type":"azurerm_public_ip","name":"coe_azure_public_ip","provider_name":"registry.terraform.io/hashicorp/azurerm","change":{"actions":["create"],"before":null,"after":{"allocation_method":"Static","ddos_protection_mode":"VirtualNetworkInherited","ddos_protection_plan_id":null,"domain_name_label":null,"edge_zone":null,"idle_timeout_in_minutes":4,"ip_tags":null,"ip_version":"IPv4","location":"westus","name":"azuw2natgatewaypublicipd01","public_ip_prefix_id":null,"resource_group_name":"rg-latam-modernization-peru-westus-001","reverse_fqdn":null,"sku":"Standard","sku_tier":"Regional","tags":{"Createdby":"Kyndryl","ENV":"dev01","Environment":"Develop","Name":"coe-azuw2vnetd01-dev01","Project":"coe"},"timeouts":null,"zones":null},"after_unknown":{"fqdn":true,"id":true,"ip_address":true,"tags":{}},"before_sensitive":false,"after_sensitive":{"tags":{}}}},{"address":"module.azure_networking.azurerm_public_ip_prefix.coe_azure_public_ip_prefix","module_address":"module.azure_networking","mode":"managed","type":"azurerm_public_ip_prefix","name":"coe_azure_public_ip_prefix","provider_name":"registry.terraform.io/hashicorp/azurerm","change":{"actions":["create"],"before":null,"after":{"ip_version":"IPv4","location":"westus","name":"azuw2natgatewaypublicprefixipd01","prefix_length":30,"resource_group_name":"rg-latam-modernization-peru-westus-001","sku":"Standard","tags":{"Createdby":"Kyndryl","ENV":"dev01","Environment":"Develop","Name":"coe-azuw2vnetd01-dev01","Project":"coe"},"timeouts":null,"zones":null},"after_unknown":{"id":true,"ip_prefix":true,"tags":{}},"before_sensitive":false,"after_sensitive":{"tags":{}}}},{"address":"module.azure_networking.azurerm_subnet.coe_azure_private_subnet","module_address":"module.azure_networking","mode":"managed","type":"azurerm_subnet","name":"coe_azure_private_subnet","provider_name":"registry.terraform.io/hashicorp/azurerm","change":{"actions":["create"],"before":null,"after":{"address_prefixes":["10.1.1.0/24"],"delegation":[],"name":"private-subnet","resource_group_name":"rg-latam-modernization-peru-westus-001","service_endpoint_policy_ids":null,"service_endpoints":null,"timeouts":null,"virtual_network_name":"azuw2vnetd01"},"after_unknown":{"address_prefixes":[false],"delegation":[],"enforce_private_link_endpoint_network_policies":true,"enforce_private_link_service_network_policies":true,"id":true,"private_endpoint_network_policies_enabled":true,"private_link_service_network_policies_enabled":true},"before_sensitive":false,"after_sensitive":{"address_prefixes":[false],"delegation":[]}}},{"address":"module.azure_networking.azurerm_subnet.coe_azure_public_subnet","module_address":"module.azure_networking","mode":"managed","type":"azurerm_subnet","name":"coe_azure_public_subnet","provider_name":"registry.terraform.io/hashicorp/azurerm","change":{"actions":["create"],"before":null,"after":{"address_prefixes":["10.1.3.0/24"],"delegation":[],"name":"public-subnet","resource_group_name":"rg-latam-modernization-peru-westus-001","service_endpoint_policy_ids":null,"service_endpoints":null,"timeouts":null,"virtual_network_name":"azuw2vnetd01"},"after_unknown":{"address_prefixes":[false],"delegation":[],"enforce_private_link_endpoint_network_policies":true,"enforce_private_link_service_network_policies":true,"id":true,"private_endpoint_network_policies_enabled":true,"private_link_service_network_policies_enabled":true},"before_sensitive":false,"after_sensitive":{"address_prefixes":[false],"delegation":[]}}},{"address":"module.azure_networking.azurerm_subnet_nat_gateway_association.coe_azure_nat_gateway_with_subnet_association","module_address":"module.azure_networking","mode":"managed","type":"azurerm_subnet_nat_gateway_association","name":"coe_azure_nat_gateway_with_subnet_association","provider_name":"registry.terraform.io/hashicorp/azurerm","change":{"actions":["create"],"before":null,"after":{"timeouts":null},"after_unknown":{"id":true,"nat_gateway_id":true,"subnet_id":true},"before_sensitive":false,"after_sensitive":{}}},{"address":"module.azure_networking.azurerm_subnet_network_security_group_association.coe_azure_subnet_network_security_group_association","module_address":"module.azure_networking","mode":"managed","type":"azurerm_subnet_network_security_group_association","name":"coe_azure_subnet_network_security_group_association","provider_name":"registry.terraform.io/hashicorp/azurerm","change":{"actions":["create"],"before":null,"after":{"timeouts":null},"after_unknown":{"id":true,"network_security_group_id":true,"subnet_id":true},"before_sensitive":false,"after_sensitive":{}}},{"address":"module.azure_networking.azurerm_virtual_network.coe_azure_vnet","module_address":"module.azure_networking","mode":"managed","type":"azurerm_virtual_network","name":"coe_azure_vnet","provider_name":"registry.terraform.io/hashicorp/azurerm","change":{"actions":["create"],"before":null,"after":{"address_space":["10.1.0.0/16"],"bgp_community":null,"ddos_protection_plan":[],"dns_servers":["10.1.0.4","10.1.0.5"],"edge_zone":null,"flow_timeout_in_minutes":null,"location":"westus","name":"azuw2vnetd01","resource_group_name":"rg-latam-modernization-peru-westus-001","tags":{"Createdby":"Kyndryl","ENV":"dev01","Environment":"Develop","Name":"coe-azuw2vnetd01-dev01","Project":"coe"},"timeouts":null},"after_unknown":{"address_space":[false],"ddos_protection_plan":[],"dns_servers":[false,false],"guid":true,"id":true,"subnet":true,"tags":{}},"before_sensitive":false,"after_sensitive":{"address_space":[false],"ddos_protection_plan":[],"dns_servers":[false,false],"subnet":[],"tags":{}}}},{"address":"module.azure_security_group.azurerm_network_security_group.network_security_group","module_address":"module.azure_security_group","mode":"managed","type":"azurerm_network_security_group","name":"network_security_group","provider_name":"registry.terraform.io/hashicorp/azurerm","change":{"actions":["create"],"before":null,"after":{"location":"westus","name":"azuw2segd01","resource_group_name":"rg-latam-modernization-peru-westus-001","security_rule":[{"access":"Allow","description":"","destination_address_prefix":"*","destination_address_prefixes":[],"destination_application_security_group_ids":[],"destination_port_range":"3389","destination_port_ranges":[],"direction":"Inbound","name":"AllowRDPIn","priority":120,"protocol":"Tcp","source_address_prefix":"*","source_address_prefixes":[],"source_application_security_group_ids":[],"source_port_range":"*","source_port_ranges":[]},{"access":"Allow","description":"","destination_address_prefix":"*","destination_address_prefixes":[],"destination_application_security_group_ids":[],"destination_port_range":"443","destination_port_ranges":[],"direction":"Inbound","name":"AllowSSLIn","priority":110,"protocol":"Tcp","source_address_prefix":"*","source_address_prefixes":[],"source_application_security_group_ids":[],"source_port_range":"*","source_port_ranges":[]},{"access":"Allow","description":"","destination_address_prefix":"*","destination_address_prefixes":[],"destination_application_security_group_ids":[],"destination_port_range":"443","destination_port_ranges":[],"direction":"Outbound","name":"AllowSSLOut","priority":110,"protocol":"Tcp","source_address_prefix":"*","source_address_prefixes":[],"source_application_security_group_ids":[],"source_port_range":"*","source_port_ranges":[]},{"access":"Allow","description":"","destination_address_prefix":"*","destination_address_prefixes":[],"destination_application_security_group_ids":[],"destination_port_range":"80","destination_port_ranges":[],"direction":"Inbound","name":"AllowWebIn","priority":100,"protocol":"Tcp","source_address_prefix":"*","source_address_prefixes":[],"source_application_security_group_ids":[],"source_port_range":"*","source_port_ranges":[]},{"access":"Allow","description":"","destination_address_prefix":"*","destination_address_prefixes":[],"destination_application_security_group_ids":[],"destination_port_range":"80","destination_port_ranges":[],"direction":"Outbound","name":"AllowWebOut","priority":100,"protocol":"Tcp","source_address_prefix":"*","source_address_prefixes":[],"source_application_security_group_ids":[],"source_port_range":"*","source_port_ranges":[]}],"tags":{"Createdby":"Kyndryl","ENV":"dev01","Environment":"Develop","Name":"coe-azuw2segd01-dev01","Project":"coe"},"timeouts":null},"after_unknown":{"id":true,"security_rule":[{"destination_address_prefixes":[],"destination_application_security_group_ids":[],"destination_port_ranges":[],"source_address_prefixes":[],"source_application_security_group_ids":[],"source_port_ranges":[]},{"destination_address_prefixes":[],"destination_application_security_group_ids":[],"destination_port_ranges":[],"source_address_prefixes":[],"source_application_security_group_ids":[],"source_port_ranges":[]},{"destination_address_prefixes":[],"destination_application_security_group_ids":[],"destination_port_ranges":[],"source_address_prefixes":[],"source_application_security_group_ids":[],"source_port_ranges":[]},{"destination_address_prefixes":[],"destination_application_security_group_ids":[],"destination_port_ranges":[],"source_address_prefixes":[],"source_application_security_group_ids":[],"source_port_ranges":[]},{"destination_address_prefixes":[],"destination_application_security_group_ids":[],"destination_port_ranges":[],"source_address_prefixes":[],"source_application_security_group_ids":[],"source_port_ranges":[]}],"tags":{}},"before_sensitive":false,"after_sensitive":{"security_rule":[{"destination_address_prefixes":[],"destination_application_security_group_ids":[],"destination_port_ranges":[],"source_address_prefixes":[],"source_application_security_group_ids":[],"source_port_ranges":[]},{"destination_address_prefixes":[],"destination_application_security_group_ids":[],"destination_port_ranges":[],"source_address_prefixes":[],"source_application_security_group_ids":[],"source_port_ranges":[]},{"destination_address_prefixes":[],"destination_application_security_group_ids":[],"destination_port_ranges":[],"source_address_prefixes":[],"source_application_security_group_ids":[],"source_port_ranges":[]},{"destination_address_prefixes":[],"destination_application_security_group_ids":[],"destination_port_ranges":[],"source_address_prefixes":[],"source_application_security_group_ids":[],"source_port_ranges":[]},{"destination_address_prefixes":[],"destination_application_security_group_ids":[],"destination_port_ranges":[],"source_address_prefixes":[],"source_application_security_group_ids":[],"source_port_ranges":[]}],"tags":{}}}},{"address":"module.azure_storage_account.azurerm_storage_account.coe_azure_storage_account","module_address":"module.azure_storage_account","mode":"managed","type":"azurerm_storage_account","name":"coe_azure_storage_account","provider_name":"registry.terraform.io/hashicorp/azurerm","change":{"actions":["create"],"before":null,"after":{"access_tier":"Hot","account_kind":"StorageV2","account_replication_type":"GRS","account_tier":"Standard","allow_nested_items_to_be_public":true,"allowed_copy_scope":null,"azure_files_authentication":[],"blob_properties":[{"change_feed_enabled":false,"change_feed_retention_in_days":null,"container_delete_retention_policy":[],"cors_rule":[],"delete_retention_policy":[{"days":5}],"last_access_time_enabled":false,"restore_policy":[],"versioning_enabled":true}],"cross_tenant_replication_enabled":true,"custom_domain":[],"customer_managed_key":[],"default_to_oauth_authentication":false,"edge_zone":null,"enable_https_traffic_only":true,"identity":[],"immutability_policy":[],"infrastructure_encryption_enabled":false,"is_hns_enabled":false,"location":"westus","min_tls_version":"TLS1_2","name":"azuw2stacd01","network_rules":[{"default_action":"Allow","ip_rules":["100.0.0.1"],"private_link_access":[]}],"nfsv3_enabled":false,"public_network_access_enabled":true,"queue_encryption_key_type":"Service","resource_group_name":"rg-latam-modernization-peru-westus-001","sas_policy":[],"sftp_enabled":false,"shared_access_key_enabled":true,"static_website":[],"table_encryption_key_type":"Service","tags":{"Createdby":"Kyndryl","ENV":"dev01","Environment":"Develop","Name":"coe-azwe1stacd01-dev01","Project":"coe"},"timeouts":null},"after_unknown":{"azure_files_authentication":[],"blob_properties":[{"container_delete_retention_policy":[],"cors_rule":[],"default_service_version":true,"delete_retention_policy":[{}],"restore_policy":[]}],"custom_domain":[],"customer_managed_key":[],"id":true,"identity":[],"immutability_policy":[],"large_file_share_enabled":true,"network_rules":[{"bypass":true,"ip_rules":[false],"private_link_access":[],"virtual_network_subnet_ids":true}],"primary_access_key":true,"primary_blob_connection_string":true,"primary_blob_endpoint":true,"primary_blob_host":true,"primary_connection_string":true,"primary_dfs_endpoint":true,"primary_dfs_host":true,"primary_file_endpoint":true,"primary_file_host":true,"primary_location":true,"primary_queue_endpoint":true,"primary_queue_host":true,"primary_table_endpoint":true,"primary_table_host":true,"primary_web_endpoint":true,"primary_web_host":true,"queue_properties":true,"routing":true,"sas_policy":[],"secondary_access_key":true,"secondary_blob_connection_string":true,"secondary_blob_endpoint":true,"secondary_blob_host":true,"secondary_connection_string":true,"secondary_dfs_endpoint":true,"secondary_dfs_host":true,"secondary_file_endpoint":true,"secondary_file_host":true,"secondary_location":true,"secondary_queue_endpoint":true,"secondary_queue_host":true,"secondary_table_endpoint":true,"secondary_table_host":true,"secondary_web_endpoint":true,"secondary_web_host":true,"share_properties":true,"static_website":[],"tags":{}},"before_sensitive":false,"after_sensitive":{"azure_files_authentication":[],"blob_properties":[{"container_delete_retention_policy":[],"cors_rule":[],"delete_retention_policy":[{}],"restore_policy":[]}],"custom_domain":[],"customer_managed_key":[],"identity":[],"immutability_policy":[],"network_rules":[{"bypass":[],"ip_rules":[false],"private_link_access":[],"virtual_network_subnet_ids":[]}],"primary_access_key":true,"primary_blob_connection_string":true,"primary_connection_string":true,"queue_properties":[],"routing":[],"sas_policy":[],"secondary_access_key":true,"secondary_blob_connection_string":true,"secondary_connection_string":true,"share_properties":[],"static_website":[],"tags":{}}}}],"prior_state":{"format_version":"1.0","terraform_version":"1.1.7","values":{"root_module":{"child_modules":[{"resources":[{"address":"module.azure_key_vault.data.azurerm_client_config.current","mode":"data","type":"azurerm_client_config","name":"current","provider_name":"registry.terraform.io/hashicorp/azurerm","schema_version":0,"values":{"client_id":"04b07795-8ddb-461a-bbee-02f9e1bf7b46","id":"Y2xpZW50Q29uZmlncy9jbGllbnRJZD0wNGIwNzc5NS04ZGRiLTQ2MWEtYmJlZS0wMmY5ZTFiZjdiNDY7b2JqZWN0SWQ9ODJkNTVlZjktZmJjZS00Yzc4LWFlZWQtMjhhZTIzYzI4YjhiO3N1YnNjcmlwdGlvbklkPTkwYzk2NmRkLTI1ODMtNDBmZS05MjcxLTc5Y2QyMzhkYmUyYzt0ZW5hbnRJZD1kMWM3MTlmNy1jYzQ4LTRmOWYtODNlYy1mNzA2YTJhOTQwZmU=","object_id":"82d55ef9-fbce-4c78-aeed-28ae23c28b8b","subscription_id":"90c966dd-2583-40fe-9271-79cd238dbe2c","tenant_id":"d1c719f7-cc48-4f9f-83ec-f706a2a940fe","timeouts":null},"sensitive_values":{}}],"address":"module.azure_key_vault"}]}}},"configuration":{"provider_config":{"azurerm":{"name":"azurerm","version_constraint":"3.43.0","expressions":{"features":[{"key_vault":[{"purge_soft_delete_on_destroy":{"constant_value":false},"recover_soft_deleted_key_vaults":{"constant_value":false}}]}]}},"kubernetes":{"name":"kubernetes"}},"root_module":{"module_calls":{"azure_container_registry":{"source":"./modules/azure_container_registry","expressions":{"azure_container_registry_admin_enabled":{"references":["var.azure_container_registry_admin_enabled"]},"azure_container_registry_georeplication_location_1":{"references":["var.azure_container_registry_georeplication_location_1"]},"azure_container_registry_georeplication_zone_redundancy_enabled_1":{"references":["var.azure_container_registry_georeplication_zone_redundancy_enabled_1"]},"azure_container_registry_name":{"references":["var.azure_container_registry_name"]},"azure_container_registry_sku":{"references":["var.azure_container_registry_sku"]},"azure_resource_group_location":{"references":["var.azure_resource_group_location"]},"azure_resource_group_name":{"references":["var.azure_resource_group_name"]},"tags":{"references":["local.tags","var.project","var.env"]}},"module":{"outputs":{"azure_container_registry_id":{"expression":{"references":["azurerm_container_registry.coe_azure_container_registry.id","azurerm_container_registry.coe_azure_container_registry"]},"description":"The ID of the Container Registry."},"azure_container_registry_login_server":{"expression":{"references":["azurerm_container_registry.coe_azure_container_registry.login_server","azurerm_container_registry.coe_azure_container_registry"]},"description":"The URL that can be used to log into the container registry."}},"resources":[{"address":"azurerm_container_registry.coe_azure_container_registry","mode":"managed","type":"azurerm_container_registry","name":"coe_azure_container_registry","provider_config_key":"azure_container_registry:azurerm","expressions":{"admin_enabled":{"references":["var.azure_container_registry_admin_enabled"]},"georeplications":[{"location":{"references":["var.azure_container_registry_georeplication_location_1"]},"tags":{"references":["var.tags"]},"zone_redundancy_enabled":{"references":["var.azure_container_registry_georeplication_zone_redundancy_enabled_1"]}}],"location":{"references":["var.azure_resource_group_location"]},"name":{"references":["var.azure_container_registry_name"]},"resource_group_name":{"references":["var.azure_resource_group_name"]},"sku":{"references":["var.azure_container_registry_sku"]}},"schema_version":2}],"variables":{"azure_container_registry_admin_enabled":{"description":"(Optional) Specifies whether the admin user is enabled. Defaults to false."},"azure_container_registry_georeplication_location_1":{"description":"(Required) A location where the container registry should be geo-replicated."},"azure_container_registry_georeplication_zone_redundancy_enabled_1":{"description":"(Optional) Whether zone redundancy is enabled for this Container Registry? Changing this forces a new resource to be created. Defaults to false."},"azure_container_registry_name":{"description":"(Required) Specifies the name of the Container Registry. Only Alphanumeric characters allowed. Changing this forces a new resource to be created."},"azure_container_registry_sku":{"description":"(Required) The SKU name of the container registry. Possible values are Basic, Standard and Premium."},"azure_resource_group_location":{"description":"(Required) Specifies the supported Azure location where the resource exists. Changing this forces a new resource to be created."},"azure_resource_group_name":{"description":"(Required) The name of the resource group in which to create the Container Registry. Changing this forces a new resource to be created."},"tags":{"default":{},"description":"Tags to assign to the Azure Container Registry."}}}},"azure_cosmosdb":{"source":"./modules/azure_cosmosdb","expressions":{"azure_cosmosdb_account_capabilities_name_1":{"references":["var.azure_cosmosdb_account_capabilities_name_1"]},"azure_cosmosdb_account_capabilities_name_2":{"references":["var.azure_cosmosdb_account_capabilities_name_2"]},"azure_cosmosdb_account_capabilities_name_3":{"references":["var.azure_cosmosdb_account_capabilities_name_3"]},"azure_cosmosdb_account_capabilities_name_4":{"references":["var.azure_cosmosdb_account_capabilities_name_4"]},"azure_cosmosdb_account_consistency_level":{"references":["var.azure_cosmosdb_account_consistency_level"]},"azure_cosmosdb_account_enable_automatic_failover":{"references":["var.azure_cosmosdb_account_enable_automatic_failover"]},"azure_cosmosdb_account_geo_location_failover_priority_1":{"references":["var.azure_cosmosdb_account_geo_location_failover_priority_1"]},"azure_cosmosdb_account_geo_location_failover_priority_2":{"references":["var.azure_cosmosdb_account_geo_location_failover_priority_2"]},"azure_cosmosdb_account_geo_location_location_1":{"references":["var.azure_cosmosdb_account_geo_location_location_1"]},"azure_cosmosdb_account_geo_location_location_2":{"references":["var.azure_cosmosdb_account_geo_location_location_2"]},"azure_cosmosdb_account_kind":{"references":["var.azure_cosmosdb_account_kind"]},"azure_cosmosdb_account_max_interval_in_seconds":{"references":["var.azure_cosmosdb_account_max_interval_in_seconds"]},"azure_cosmosdb_account_max_staleness_prefix":{"references":["var.azure_cosmosdb_account_max_staleness_prefix"]},"azure_cosmosdb_account_name":{"references":["var.azure_cosmosdb_account_name"]},"azure_cosmosdb_account_offer_type":{"references":["var.azure_cosmosdb_account_offer_type"]},"azure_resource_group_location":{"references":["var.azure_resource_group_location"]},"azure_resource_group_name":{"references":["var.azure_resource_group_name"]},"tags":{"references":["local.tags","var.project","var.env"]}},"module":{"outputs":{"azure_cosmosdb_account_connection_strings":{"expression":{"references":["azurerm_cosmosdb_account.coe_azure_cosmosdb_account.connection_strings","azurerm_cosmosdb_account.coe_azure_cosmosdb_account"]},"description":"A list of connection strings available for this CosmosDB account."},"azure_cosmosdb_account_endpoint":{"expression":{"references":["azurerm_cosmosdb_account.coe_azure_cosmosdb_account.endpoint","azurerm_cosmosdb_account.coe_azure_cosmosdb_account"]},"description":"The endpoint used to connect to the CosmosDB account."},"azure_cosmosdb_account_id":{"expression":{"references":["azurerm_cosmosdb_account.coe_azure_cosmosdb_account.id","azurerm_cosmosdb_account.coe_azure_cosmosdb_account"]},"description":"The CosmosDB Account ID."}},"resources":[{"address":"azurerm_cosmosdb_account.coe_azure_cosmosdb_account","mode":"managed","type":"azurerm_cosmosdb_account","name":"coe_azure_cosmosdb_account","provider_config_key":"azure_cosmosdb:azurerm","expressions":{"capabilities":[{"name":{"references":["var.azure_cosmosdb_account_capabilities_name_1"]}},{"name":{"references":["var.azure_cosmosdb_account_capabilities_name_2"]}},{"name":{"references":["var.azure_cosmosdb_account_capabilities_name_3"]}},{"name":{"references":["var.azure_cosmosdb_account_capabilities_name_4"]}}],"consistency_policy":[{"consistency_level":{"references":["var.azure_cosmosdb_account_consistency_level"]},"max_interval_in_seconds":{"references":["var.azure_cosmosdb_account_max_interval_in_seconds"]},"max_staleness_prefix":{"references":["var.azure_cosmosdb_account_max_staleness_prefix"]}}],"enable_automatic_failover":{"references":["var.azure_cosmosdb_account_enable_automatic_failover"]},"geo_location":[{"failover_priority":{"references":["var.azure_cosmosdb_account_geo_location_failover_priority_1"]},"location":{"references":["var.azure_cosmosdb_account_geo_location_location_1"]}},{"failover_priority":{"references":["var.azure_cosmosdb_account_geo_location_failover_priority_2"]},"location":{"references":["var.azure_cosmosdb_account_geo_location_location_2"]}}],"kind":{"references":["var.azure_cosmosdb_account_kind"]},"location":{"references":["var.azure_resource_group_location"]},"name":{"references":["var.azure_cosmosdb_account_name"]},"offer_type":{"references":["var.azure_cosmosdb_account_offer_type"]},"resource_group_name":{"references":["var.azure_resource_group_name"]},"tags":{"references":["var.tags"]}},"schema_version":0}],"variables":{"azure_cosmosdb_account_capabilities_name_1":{"description":"(Required) The capability to enable - Possible values are AllowSelfServeUpgradeToMongo36, DisableRateLimitingResponses, EnableAggregationPipeline, EnableCassandra, EnableGremlin, EnableMongo, EnableMongo16MBDocumentSupport, EnableMongoRetryableWrites, EnableMongoRoleBasedAccessControl, EnableServerless, EnableTable, EnableUniqueCompoundNestedDocs, MongoDBv3.4 and mongoEnableDocLevelTTL."},"azure_cosmosdb_account_capabilities_name_2":{"description":"(Required) The capability to enable - Possible values are AllowSelfServeUpgradeToMongo36, DisableRateLimitingResponses, EnableAggregationPipeline, EnableCassandra, EnableGremlin, EnableMongo, EnableMongo16MBDocumentSupport, EnableMongoRetryableWrites, EnableMongoRoleBasedAccessControl, EnableServerless, EnableTable, EnableUniqueCompoundNestedDocs, MongoDBv3.4 and mongoEnableDocLevelTTL."},"azure_cosmosdb_account_capabilities_name_3":{"description":"(Required) The capability to enable - Possible values are AllowSelfServeUpgradeToMongo36, DisableRateLimitingResponses, EnableAggregationPipeline, EnableCassandra, EnableGremlin, EnableMongo, EnableMongo16MBDocumentSupport, EnableMongoRetryableWrites, EnableMongoRoleBasedAccessControl, EnableServerless, EnableTable, EnableUniqueCompoundNestedDocs, MongoDBv3.4 and mongoEnableDocLevelTTL."},"azure_cosmosdb_account_capabilities_name_4":{"description":"(Required) The capability to enable - Possible values are AllowSelfServeUpgradeToMongo36, DisableRateLimitingResponses, EnableAggregationPipeline, EnableCassandra, EnableGremlin, EnableMongo, EnableMongo16MBDocumentSupport, EnableMongoRetryableWrites, EnableMongoRoleBasedAccessControl, EnableServerless, EnableTable, EnableUniqueCompoundNestedDocs, MongoDBv3.4 and mongoEnableDocLevelTTL."},"azure_cosmosdb_account_consistency_level":{"description":"(Required) The Consistency Level to use for this CosmosDB Account - can be either BoundedStaleness, Eventual, Session, Strong or ConsistentPrefix."},"azure_cosmosdb_account_enable_automatic_failover":{"description":"(Optional) Enable automatic failover for this Cosmos DB account."},"azure_cosmosdb_account_geo_location_failover_priority_1":{"description":"(Required) The failover priority of the region. A failover priority of 0 indicates a write region. The maximum value for a failover priority = (total number of regions - 1). Failover priority values must be unique for each of the regions in which the database account exists. Changing this causes the location to be re-provisioned and cannot be changed for the location with failover priority 0."},"azure_cosmosdb_account_geo_location_failover_priority_2":{"description":"(Required) The failover priority of the region. A failover priority of 0 indicates a write region. The maximum value for a failover priority = (total number of regions - 1). Failover priority values must be unique for each of the regions in which the database account exists. Changing this causes the location to be re-provisioned and cannot be changed for the location with failover priority 0."},"azure_cosmosdb_account_geo_location_location_1":{"description":"(Required) The name of the Azure region to host replicated data."},"azure_cosmosdb_account_geo_location_location_2":{"description":"(Required) The name of the Azure region to host replicated data."},"azure_cosmosdb_account_kind":{"description":"(Optional) Specifies the Kind of CosmosDB to create - possible values are GlobalDocumentDB, MongoDB and Parse. Defaults to GlobalDocumentDB. Changing this forces a new resource to be created."},"azure_cosmosdb_account_max_interval_in_seconds":{"description":"(Optional) When used with the Bounded Staleness consistency level, this value represents the time amount of staleness (in seconds) tolerated. The accepted range for this value is 5 - 86400 (1 day). Defaults to 5. Required when consistency_level is set to BoundedStaleness."},"azure_cosmosdb_account_max_staleness_prefix":{"description":"(Optional) When used with the Bounded Staleness consistency level, this value represents the number of stale requests tolerated. The accepted range for this value is 10 – 2147483647. Defaults to 100. Required when consistency_level is set to BoundedStaleness."},"azure_cosmosdb_account_name":{"description":"(Required) Specifies the name of the CosmosDB Account. Changing this forces a new resource to be created."},"azure_cosmosdb_account_offer_type":{"description":"(Required) Specifies the Offer Type to use for this CosmosDB Account; currently, this can only be set to Standard."},"azure_resource_group_location":{"description":"(Required) Specifies the supported Azure location where the resource exists. Changing this forces a new resource to be created."},"azure_resource_group_name":{"description":"(Required) The name of the resource group in which the CosmosDB Account is created. Changing this forces a new resource to be created."},"tags":{"default":{},"description":"(Optional) A mapping of tags to assign to the resource."}}}},"azure_key_vault":{"source":"./modules/azure_key_vault","expressions":{"azure_key_vault_access_policy_key_permissions":{"references":["var.azure_key_vault_access_policy_key_permissions"]},"azure_key_vault_access_policy_secret_permissions":{"references":["var.azure_key_vault_access_policy_secret_permissions"]},"azure_key_vault_access_policy_storage_permissions":{"references":["var.azure_key_vault_access_policy_storage_permissions"]},"azure_key_vault_enabled_for_disk_encryption":{"references":["var.azure_key_vault_enabled_for_disk_encryption"]},"azure_key_vault_name":{"references":["var.azure_key_vault_name"]},"azure_key_vault_purge_protection_enabled":{"references":["var.azure_key_vault_purge_protection_enabled"]},"azure_key_vault_sku_name":{"references":["var.azure_key_vault_sku_name"]},"azure_key_vault_soft_delete_retention_days":{"references":["var.azure_key_vault_soft_delete_retention_days"]},"azure_resource_group_location":{"references":["var.azure_resource_group_location"]},"azure_resource_group_name":{"references":["var.azure_resource_group_name"]},"tags":{"references":["local.tags","var.project","var.env"]}},"module":{"outputs":{"azure_key_vault_id":{"expression":{"references":["azurerm_key_vault.coe_azure_key_vault.id","azurerm_key_vault.coe_azure_key_vault"]},"description":"The ID of the Key Vault."},"azure_key_vault_vault_uri":{"expression":{"references":["azurerm_key_vault.coe_azure_key_vault.vault_uri","azurerm_key_vault.coe_azure_key_vault"]},"description":"The URI of the Key Vault, used for performing operations on keys and secrets."}},"resources":[{"address":"azurerm_key_vault.coe_azure_key_vault","mode":"managed","type":"azurerm_key_vault","name":"coe_azure_key_vault","provider_config_key":"azure_key_vault:azurerm","expressions":{"access_policy":{"references":["var.azure_key_vault_access_policy_key_permissions","data.azurerm_client_config.current.object_id","data.azurerm_client_config.current","var.azure_key_vault_access_policy_secret_permissions","var.azure_key_vault_access_policy_storage_permissions","data.azurerm_client_config.current.tenant_id","data.azurerm_client_config.current"]},"enabled_for_disk_encryption":{"references":["var.azure_key_vault_enabled_for_disk_encryption"]},"location":{"references":["var.azure_resource_group_location"]},"name":{"references":["var.azure_key_vault_name"]},"purge_protection_enabled":{"references":["var.azure_key_vault_purge_protection_enabled"]},"resource_group_name":{"references":["var.azure_resource_group_name"]},"sku_name":{"references":["var.azure_key_vault_sku_name"]},"soft_delete_retention_days":{"references":["var.azure_key_vault_soft_delete_retention_days"]},"tags":{"references":["var.tags"]},"tenant_id":{"references":["data.azurerm_client_config.current.tenant_id","data.azurerm_client_config.current"]}},"schema_version":2},{"address":"data.azurerm_client_config.current","mode":"data","type":"azurerm_client_config","name":"current","provider_config_key":"azure_key_vault:azurerm","schema_version":0}],"variables":{"azure_key_vault_access_policy_key_permissions":{"description":"(Optional) List of key permissions. Possible values are Backup, Create, Decrypt, Delete, Encrypt, Get, Import, List, Purge, Recover, Restore, Sign, UnwrapKey, Update, Verify, WrapKey, Release, Rotate, GetRotationPolicy and SetRotationPolicy."},"azure_key_vault_access_policy_secret_permissions":{"description":"(Optional) List of secret permissions, must be one or more from the following: Backup, Delete, Get, List, Purge, Recover, Restore and Set."},"azure_key_vault_access_policy_storage_permissions":{"description":"(Optional) List of storage permissions, must be one or more from the following: Backup, Delete, DeleteSAS, Get, GetSAS, List, ListSAS, Purge, Recover, RegenerateKey, Restore, Set, SetSAS and Update."},"azure_key_vault_enabled_for_disk_encryption":{"description":"(Optional) Boolean flag to specify whether Azure Disk Encryption is permitted to retrieve secrets from the vault and unwrap keys."},"azure_key_vault_name":{"description":"(Required) Specifies the name of the Key Vault. Changing this forces a new resource to be created. The name must be globally unique. If the vault is in a recoverable state then the vault will need to be purged before reusing the name."},"azure_key_vault_purge_protection_enabled":{"description":"(Optional) Is Purge Protection enabled for this Key Vault?"},"azure_key_vault_sku_name":{"description":"(Required) The Name of the SKU used for this Key Vault. Possible values are standard and premium."},"azure_key_vault_soft_delete_retention_days":{"description":"(Optional) The number of days that items should be retained for once soft-deleted. This value can be between 7 and 90 (the default) days."},"azure_resource_group_location":{"description":"(Required) Specifies the supported Azure location where the resource exists. Changing this forces a new resource to be created."},"azure_resource_group_name":{"description":"(Required) The name of the resource group in which to create the Key Vault. Changing this forces a new resource to be created."},"tags":{"default":{},"description":"Tags to assign to the Azure Key Vault."}}}},"azure_kubernetes":{"source":"./modules/azure_kubernetes","expressions":{"azure_kubernetes_cluster_api_server_access_profile_authorized_ip_ranges":{"references":["var.azure_kubernetes_cluster_api_server_access_profile_authorized_ip_ranges"]},"azure_kubernetes_cluster_auto_scaler_profile_balance_similar_node_groups":{"references":["var.azure_kubernetes_cluster_auto_scaler_profile_balance_similar_node_groups"]},"azure_kubernetes_cluster_auto_scaler_profile_expander":{"references":["var.azure_kubernetes_cluster_auto_scaler_profile_expander"]},"azure_kubernetes_cluster_default_node_pool_enable_auto_scaling":{"references":["var.azure_kubernetes_cluster_default_node_pool_enable_auto_scaling"]},"azure_kubernetes_cluster_default_node_pool_max_count":{"references":["var.azure_kubernetes_cluster_default_node_pool_max_count"]},"azure_kubernetes_cluster_default_node_pool_min_count":{"references":["var.azure_kubernetes_cluster_default_node_pool_min_count"]},"azure_kubernetes_cluster_default_node_pool_name":{"references":["var.azure_kubernetes_cluster_default_node_pool_name"]},"azure_kubernetes_cluster_default_node_pool_node_count":{"references":["var.azure_kubernetes_cluster_default_node_pool_node_count"]},"azure_kubernetes_cluster_default_node_pool_scale_down_mode":{"references":["var.azure_kubernetes_cluster_default_node_pool_scale_down_mode"]},"azure_kubernetes_cluster_default_node_pool_type":{"references":["var.azure_kubernetes_cluster_default_node_pool_type"]},"azure_kubernetes_cluster_default_node_pool_vm_size":{"references":["var.azure_kubernetes_cluster_default_node_pool_vm_size"]},"azure_kubernetes_cluster_dns_prefix":{"references":["var.azure_kubernetes_cluster_dns_prefix"]},"azure_kubernetes_cluster_kubernetes_version":{"references":["var.azure_kubernetes_cluster_kubernetes_version"]},"azure_kubernetes_cluster_name":{"references":["var.azure_kubernetes_cluster_name"]},"azure_kubernetes_cluster_private_cluster_enabled":{"references":["var.azure_kubernetes_cluster_private_cluster_enabled"]},"azure_kubernetes_cluster_public_network_access_enabled":{"references":["var.azure_kubernetes_cluster_public_network_access_enabled"]},"azure_kubernetes_cluster_role_based_access_control_enabled":{"references":["var.azure_kubernetes_cluster_role_based_access_control_enabled"]},"azure_kubernetes_cluster_service_principal_client_id":{"references":["var.azure_kubernetes_cluster_service_principal_client_id"]},"azure_kubernetes_cluster_service_principal_client_secret":{"references":["var.azure_kubernetes_cluster_service_principal_client_secret"]},"azure_kubernetes_cluster_sku_tier":{"references":["var.azure_kubernetes_cluster_sku_tier"]},"azure_resource_group_location":{"references":["var.azure_resource_group_location"]},"azure_resource_group_name":{"references":["var.azure_resource_group_name"]},"tags":{"references":["local.tags","var.project","var.env"]},"tags_node_pool":{"references":["local.tags","var.env","var.project"]}},"module":{"outputs":{"client_certificate":{"sensitive":true,"expression":{"references":["azurerm_kubernetes_cluster.coe_azure_kubernetes_cluster.kube_config[0].client_certificate","azurerm_kubernetes_cluster.coe_azure_kubernetes_cluster.kube_config[0]","azurerm_kubernetes_cluster.coe_azure_kubernetes_cluster.kube_config","azurerm_kubernetes_cluster.coe_azure_kubernetes_cluster"]}},"kube_config":{"sensitive":true,"expression":{"references":["azurerm_kubernetes_cluster.coe_azure_kubernetes_cluster.kube_config_raw","azurerm_kubernetes_cluster.coe_azure_kubernetes_cluster"]}},"kubernetes_cluster_id":{"expression":{"references":["azurerm_kubernetes_cluster.coe_azure_kubernetes_cluster.id","azurerm_kubernetes_cluster.coe_azure_kubernetes_cluster"]},"description":"The Kubernetes Managed Cluster ID."}},"resources":[{"address":"azurerm_kubernetes_cluster.coe_azure_kubernetes_cluster","mode":"managed","type":"azurerm_kubernetes_cluster","name":"coe_azure_kubernetes_cluster","provider_config_key":"azure_kubernetes:azurerm","expressions":{"api_server_access_profile":[{"authorized_ip_ranges":{"references":["var.azure_kubernetes_cluster_api_server_access_profile_authorized_ip_ranges"]}}],"auto_scaler_profile":[{"balance_similar_node_groups":{"references":["var.azure_kubernetes_cluster_auto_scaler_profile_balance_similar_node_groups"]},"expander":{"references":["var.azure_kubernetes_cluster_auto_scaler_profile_expander"]}}],"default_node_pool":[{"enable_auto_scaling":{"references":["var.azure_kubernetes_cluster_default_node_pool_enable_auto_scaling"]},"max_count":{"references":["var.azure_kubernetes_cluster_default_node_pool_max_count"]},"min_count":{"references":["var.azure_kubernetes_cluster_default_node_pool_min_count"]},"name":{"references":["var.azure_kubernetes_cluster_default_node_pool_name"]},"node_count":{"references":["var.azure_kubernetes_cluster_default_node_pool_node_count"]},"scale_down_mode":{"references":["var.azure_kubernetes_cluster_default_node_pool_scale_down_mode"]},"tags":{"references":["var.tags_node_pool"]},"type":{"references":["var.azure_kubernetes_cluster_default_node_pool_type"]},"vm_size":{"references":["var.azure_kubernetes_cluster_default_node_pool_vm_size"]}}],"dns_prefix":{"references":["var.azure_kubernetes_cluster_dns_prefix"]},"kubernetes_version":{"references":["var.azure_kubernetes_cluster_kubernetes_version"]},"location":{"references":["var.azure_resource_group_location"]},"name":{"references":["var.azure_kubernetes_cluster_name"]},"private_cluster_enabled":{"references":["var.azure_kubernetes_cluster_private_cluster_enabled"]},"public_network_access_enabled":{"references":["var.azure_kubernetes_cluster_public_network_access_enabled"]},"resource_group_name":{"references":["var.azure_resource_group_name"]},"role_based_access_control_enabled":{"references":["var.azure_kubernetes_cluster_role_based_access_control_enabled"]},"service_principal":[{"client_id":{"references":["var.azure_kubernetes_cluster_service_principal_client_id"]},"client_secret":{"references":["var.azure_kubernetes_cluster_service_principal_client_secret"]}}],"sku_tier":{"references":["var.azure_kubernetes_cluster_sku_tier"]},"tags":{"references":["var.tags"]}},"schema_version":2}],"variables":{"azure_kubernetes_cluster_api_server_access_profile_authorized_ip_ranges":{"description":"(Optional) Set of authorized IP ranges to allow access to API server, e.g. [198.51.100.0/24]."},"azure_kubernetes_cluster_auto_scaler_profile_balance_similar_node_groups":{"description":"(Optional) Detect similar node groups and balance the number of nodes between them. Defaults to false."},"azure_kubernetes_cluster_auto_scaler_profile_expander":{"description":"(Optional) Expander to use. Possible values are least-waste, priority, most-pods and random. Defaults to random."},"azure_kubernetes_cluster_default_node_pool_enable_auto_scaling":{"description":"(Optional) Should the Kubernetes Auto Scaler be enabled for this Node Pool?"},"azure_kubernetes_cluster_default_node_pool_max_count":{"description":"(Optional) The maximum number of nodes which should exist in this Node Pool. If specified this must be between 1 and 1000."},"azure_kubernetes_cluster_default_node_pool_min_count":{"description":"(Optional) The minimum number of nodes which should exist in this Node Pool. If specified this must be between 1 and 1000."},"azure_kubernetes_cluster_default_node_pool_name":{"description":"(Required) The name which should be used for the default Kubernetes Node Pool. Changing this forces a new resource to be created."},"azure_kubernetes_cluster_default_node_pool_node_count":{"description":"(Optional) The initial number of nodes which should exist in this Node Pool. If specified this must be between 1 and 1000 and between min_count and max_count."},"azure_kubernetes_cluster_default_node_pool_scale_down_mode":{"description":"(Optional) Specifies the autoscaling behaviour of the Kubernetes Cluster. Allowed values are Delete and Deallocate. Defaults to Delete."},"azure_kubernetes_cluster_default_node_pool_type":{"description":"(Required) Specifies the type of Managed Service Identity that should be configured on this Kubernetes Cluster. Possible values are SystemAssigned or UserAssigned."},"azure_kubernetes_cluster_default_node_pool_vm_size":{"description":"(Required) The size of the Virtual Machine, such as Standard_DS2_v2. Changing this forces a new resource to be created."},"azure_kubernetes_cluster_dns_prefix":{"description":"(Optional) DNS prefix specified when creating the managed cluster. Changing this forces a new resource to be created."},"azure_kubernetes_cluster_kubernetes_version":{"description":"(Optional) Version of Kubernetes specified when creating the AKS managed cluster. If not specified, the latest recommended version will be used at provisioning time (but won't auto-upgrade). AKS does not require an exact patch version to be specified, minor version aliases such as 1.22 are also supported. - The minor version's latest GA patch is automatically chosen in that case. More details can be found in the documentation."},"azure_kubernetes_cluster_name":{"description":"(Required) The name of the Managed Kubernetes Cluster to create. Changing this forces a new resource to be created"},"azure_kubernetes_cluster_private_cluster_enabled":{"description":"(Optional) Should this Kubernetes Cluster have its API server only exposed on internal IP addresses? This provides a Private IP Address for the Kubernetes API on the Virtual Network where the Kubernetes Cluster is located. Defaults to false. Changing this forces a new resource to be created."},"azure_kubernetes_cluster_public_network_access_enabled":{"description":"(Optional) Whether public network access is allowed for this Kubernetes Cluster. Defaults to true. Changing this forces a new resource to be created."},"azure_kubernetes_cluster_role_based_access_control_enabled":{"description":"(Optional) Whether Role Based Access Control for the Kubernetes Cluster should be enabled. Defaults to true. Changing this forces a new resource to be created."},"azure_kubernetes_cluster_service_principal_client_id":{"description":"(Required) The Client ID for the Service Principal."},"azure_kubernetes_cluster_service_principal_client_secret":{"description":"(Required) The Client Secret for the Service Principal."},"azure_kubernetes_cluster_sku_tier":{"description":"(Optional) The SKU Tier that should be used for this Kubernetes Cluster. Possible values are Free and Paid (which includes the Uptime SLA). Defaults to Free."},"azure_resource_group_location":{"description":"(Required) Specifies the supported Azure location where the resource exists. Changing this forces a new resource to be created."},"azure_resource_group_name":{"description":"(Required) The name of the resource group in which the AKS is created. Changing this forces a new resource to be created."},"tags":{"default":{},"description":"(Optional) A mapping of tags to assign to the resource."},"tags_node_pool":{"description":"(Optional) A mapping of tags to assign to the resource."}}},"depends_on":["module.azure_networking"]},"azure_networking":{"source":"./modules/azure_networking","expressions":{"azure_nat_gateway_idle_timeout_in_minutes":{"references":["var.azure_nat_gateway_idle_timeout_in_minutes"]},"azure_nat_gateway_name":{"references":["var.azure_nat_gateway_name"]},"azure_nat_gateway_sku_name":{"references":["var.azure_nat_gateway_sku_name"]},"azure_public_ip_name":{"references":["var.azure_public_ip_name"]},"azure_public_ip_name_allocation_method":{"references":["var.azure_public_ip_name_allocation_method"]},"azure_public_ip_prefix_length":{"references":["var.azure_public_ip_prefix_length"]},"azure_public_ip_prefix_name":{"references":["var.azure_public_ip_prefix_name"]},"azure_public_ip_sku":{"references":["var.azure_public_ip_sku"]},"azure_public_ip_sku_tier":{"references":["var.azure_public_ip_sku_tier"]},"azure_resource_group_location":{"references":["var.azure_resource_group_location"]},"azure_resource_group_name":{"references":["var.azure_resource_group_name"]},"azure_vnet_address_space":{"references":["var.azure_vnet_address_space"]},"azure_vnet_dns_servers":{"references":["var.azure_vnet_dns_servers"]},"azure_vnet_name":{"references":["var.azure_vnet_name"]},"azure_vnet_private_subnet_address_prefixes":{"references":["var.azure_vnet_private_subnet_address_prefixes"]},"azure_vnet_private_subnet_name":{"references":["var.azure_vnet_private_subnet_name"]},"azure_vnet_private_subnet_security_group":{"references":["module.azure_security_group.nsg_id","module.azure_security_group"]},"azure_vnet_public_subnet_address_prefixes":{"references":["var.azure_vnet_public_subnet_address_prefixes"]},"azure_vnet_public_subnet_name":{"references":["var.azure_vnet_public_subnet_name"]},"tags":{"references":["local.tags","var.project","var.env"]}},"module":{"outputs":{"private_subnet_id":{"expression":{"references":["azurerm_subnet.coe_azure_private_subnet.id","azurerm_subnet.coe_azure_private_subnet"]},"description":"Vnet private subnet id"},"public_subnet_id":{"expression":{"references":["azurerm_subnet.coe_azure_public_subnet.id","azurerm_subnet.coe_azure_public_subnet"]},"description":"Vnet public subnet id"},"vnet_address_space":{"expression":{"references":["azurerm_virtual_network.coe_azure_vnet.address_space","azurerm_virtual_network.coe_azure_vnet"]},"description":"(Required) The list of address spaces used by the virtual network."},"vnet_id":{"expression":{"references":["azurerm_virtual_network.coe_azure_vnet.id","azurerm_virtual_network.coe_azure_vnet"]},"description":"Id Vnet"},"vnet_name":{"expression":{"references":["azurerm_virtual_network.coe_azure_vnet.name","azurerm_virtual_network.coe_azure_vnet"]},"description":"(Required) The name of the virtual network. Changing this forces a new resource to be created"}},"resources":[{"address":"azurerm_nat_gateway.coe_azure_nat_gateway","mode":"managed","type":"azurerm_nat_gateway","name":"coe_azure_nat_gateway","provider_config_key":"azure_networking:azurerm","expressions":{"idle_timeout_in_minutes":{"references":["var.azure_nat_gateway_idle_timeout_in_minutes"]},"location":{"references":["var.azure_resource_group_location"]},"name":{"references":["var.azure_nat_gateway_name"]},"resource_group_name":{"references":["var.azure_resource_group_name"]},"sku_name":{"references":["var.azure_nat_gateway_sku_name"]},"tags":{"references":["var.tags"]}},"schema_version":0},{"address":"azurerm_nat_gateway_public_ip_association.coe_azure_nat_gateway_with_public_ip_association","mode":"managed","type":"azurerm_nat_gateway_public_ip_association","name":"coe_azure_nat_gateway_with_public_ip_association","provider_config_key":"azure_networking:azurerm","expressions":{"nat_gateway_id":{"references":["azurerm_nat_gateway.coe_azure_nat_gateway.id","azurerm_nat_gateway.coe_azure_nat_gateway"]},"public_ip_address_id":{"references":["azurerm_public_ip.coe_azure_public_ip.id","azurerm_public_ip.coe_azure_public_ip"]}},"schema_version":0},{"address":"azurerm_public_ip.coe_azure_public_ip","mode":"managed","type":"azurerm_public_ip","name":"coe_azure_public_ip","provider_config_key":"azure_networking:azurerm","expressions":{"allocation_method":{"references":["var.azure_public_ip_name_allocation_method"]},"location":{"references":["var.azure_resource_group_location"]},"name":{"references":["var.azure_public_ip_name"]},"resource_group_name":{"references":["var.azure_resource_group_name"]},"sku":{"references":["var.azure_public_ip_sku"]},"sku_tier":{"references":["var.azure_public_ip_sku_tier"]},"tags":{"references":["var.tags"]}},"schema_version":0},{"address":"azurerm_public_ip_prefix.coe_azure_public_ip_prefix","mode":"managed","type":"azurerm_public_ip_prefix","name":"coe_azure_public_ip_prefix","provider_config_key":"azure_networking:azurerm","expressions":{"location":{"references":["var.azure_resource_group_location"]},"name":{"references":["var.azure_public_ip_prefix_name"]},"prefix_length":{"references":["var.azure_public_ip_prefix_length"]},"resource_group_name":{"references":["var.azure_resource_group_name"]},"tags":{"references":["var.tags"]}},"schema_version":0},{"address":"azurerm_subnet.coe_azure_private_subnet","mode":"managed","type":"azurerm_subnet","name":"coe_azure_private_subnet","provider_config_key":"azure_networking:azurerm","expressions":{"address_prefixes":{"references":["var.azure_vnet_private_subnet_address_prefixes"]},"name":{"references":["var.azure_vnet_private_subnet_name"]},"resource_group_name":{"references":["var.azure_resource_group_name"]},"virtual_network_name":{"references":["azurerm_virtual_network.coe_azure_vnet.name","azurerm_virtual_network.coe_azure_vnet"]}},"schema_version":0},{"address":"azurerm_subnet.coe_azure_public_subnet","mode":"managed","type":"azurerm_subnet","name":"coe_azure_public_subnet","provider_config_key":"azure_networking:azurerm","expressions":{"address_prefixes":{"references":["var.azure_vnet_public_subnet_address_prefixes"]},"name":{"references":["var.azure_vnet_public_subnet_name"]},"resource_group_name":{"references":["var.azure_resource_group_name"]},"virtual_network_name":{"references":["azurerm_virtual_network.coe_azure_vnet.name","azurerm_virtual_network.coe_azure_vnet"]}},"schema_version":0},{"address":"azurerm_subnet_nat_gateway_association.coe_azure_nat_gateway_with_subnet_association","mode":"managed","type":"azurerm_subnet_nat_gateway_association","name":"coe_azure_nat_gateway_with_subnet_association","provider_config_key":"azure_networking:azurerm","expressions":{"nat_gateway_id":{"references":["azurerm_nat_gateway.coe_azure_nat_gateway.id","azurerm_nat_gateway.coe_azure_nat_gateway"]},"subnet_id":{"references":["azurerm_subnet.coe_azure_public_subnet.id","azurerm_subnet.coe_azure_public_subnet"]}},"schema_version":0},{"address":"azurerm_subnet_network_security_group_association.coe_azure_subnet_network_security_group_association","mode":"managed","type":"azurerm_subnet_network_security_group_association","name":"coe_azure_subnet_network_security_group_association","provider_config_key":"azure_networking:azurerm","expressions":{"network_security_group_id":{"references":["var.azure_vnet_private_subnet_security_group"]},"subnet_id":{"references":["azurerm_subnet.coe_azure_private_subnet.id","azurerm_subnet.coe_azure_private_subnet"]}},"schema_version":0},{"address":"azurerm_virtual_network.coe_azure_vnet","mode":"managed","type":"azurerm_virtual_network","name":"coe_azure_vnet","provider_config_key":"azure_networking:azurerm","expressions":{"address_space":{"references":["var.azure_vnet_address_space"]},"dns_servers":{"references":["var.azure_vnet_dns_servers"]},"location":{"references":["var.azure_resource_group_location"]},"name":{"references":["var.azure_vnet_name"]},"resource_group_name":{"references":["var.azure_resource_group_name"]},"tags":{"references":["var.tags"]}},"schema_version":0}],"variables":{"azure_nat_gateway_idle_timeout_in_minutes":{"description":"(Optional) The idle timeout which should be used in minutes. Defaults to 4."},"azure_nat_gateway_name":{"description":"(Required) Specifies the name of the NAT Gateway. Changing this forces a new resource to be created."},"azure_nat_gateway_sku_name":{"description":"(Optional) The SKU which should be used. At this time the only supported value is Standard. Defaults to Standard."},"azure_public_ip_name":{"description":"(Required) Specifies the name of the Public IP. Changing this forces a new Public IP to be created."},"azure_public_ip_name_allocation_method":{"description":"(Required) Defines the allocation method for this IP address. Possible values are Static or Dynamic."},"azure_public_ip_prefix_length":{"description":"(Required) Specifies the name of the Public IP Prefix resource . Changing this forces a new resource to be created."},"azure_public_ip_prefix_name":{"description":"(Required) Specifies the name of the Public IP Prefix resource . Changing this forces a new resource to be created."},"azure_public_ip_sku":{"description":"(Optional) The SKU of the Public IP. Accepted values are Basic and Standard. Defaults to Basic. Changing this forces a new resource to be created."},"azure_public_ip_sku_tier":{"description":"(Optional) The SKU Tier that should be used for the Public IP. Possible values are Regional and Global. Defaults to Regional. Changing this forces a new resource to be created."},"azure_resource_group_location":{"description":"(Required) The location/region where the virtual network is created. Changing this forces a new resource to be created."},"azure_resource_group_name":{"description":"(Required) The name of the resource group in which to create the virtual network. Changing this forces a new resource to be created."},"azure_vnet_address_space":{"description":"(Required) The address space that is used the virtual network. You can supply more than one address space."},"azure_vnet_dns_servers":{"description":"(Optional) List of IP addresses of DNS servers"},"azure_vnet_name":{"description":"(Required) The name of the virtual network. Changing this forces a new resource to be created."},"azure_vnet_private_subnet_address_prefixes":{"description":"(Required) The address prefix to use for the subnet."},"azure_vnet_private_subnet_name":{"description":"(Required) The name of the subnet."},"azure_vnet_private_subnet_security_group":{"description":"(Optional) The Network Security Group to associate with the subnet. (Referenced by id, ie. azurerm_network_security_group.example.id)"},"azure_vnet_public_subnet_address_prefixes":{"description":"(Required) The address prefix to use for the subnet."},"azure_vnet_public_subnet_name":{"description":"(Required) The name of the subnet."},"tags":{"default":{},"description":"Tags to assign to the bucket."}}},"depends_on":["module.azure_security_group"]},"azure_security_group":{"source":"./modules/azure_security_group","expressions":{"azure_network_security_group_name":{"references":["var.azure_network_security_group_name"]},"azure_network_security_group_name_nsg_rules_inbound":{"references":["var.azure_network_security_group_name_nsg_rules_inbound"]},"azure_network_security_group_name_nsg_rules_outbound":{"references":["var.azure_network_security_group_name_nsg_rules_outbound"]},"azure_resource_group_location":{"references":["var.azure_resource_group_location"]},"azure_resource_group_name":{"references":["var.azure_resource_group_name"]},"tags":{"references":["local.tags","var.project","var.env"]}},"module":{"outputs":{"nsg_id":{"expression":{"references":["azurerm_network_security_group.network_security_group.id","azurerm_network_security_group.network_security_group"]},"description":"The value of the NSG ID"}},"resources":[{"address":"azurerm_network_security_group.network_security_group","mode":"managed","type":"azurerm_network_security_group","name":"network_security_group","provider_config_key":"azure_security_group:azurerm","expressions":{"location":{"references":["var.azure_resource_group_location"]},"name":{"references":["var.azure_network_security_group_name"]},"resource_group_name":{"references":["var.azure_resource_group_name"]},"tags":{"references":["var.tags"]}},"schema_version":0}],"variables":{"azure_network_security_group_name":{"description":"Name of the Network Security Group"},"azure_network_security_group_name_nsg_rules_inbound":{"description":"The values for each NSG rule inbound"},"azure_network_security_group_name_nsg_rules_outbound":{"description":"The values for each NSG rule outbound"},"azure_resource_group_location":{"description":"value"},"azure_resource_group_name":{"description":"value"},"tags":{"default":{},"description":"Tags to assign to the security groups."}}}},"azure_storage_account":{"source":"./modules/azure_storage_account","expressions":{"azure_resource_group_location":{"references":["var.azure_resource_group_location"]},"azure_resource_group_name":{"references":["var.azure_resource_group_name"]},"azure_storage_access_tier":{"references":["var.azure_storage_access_tier"]},"azure_storage_account_account_kind":{"references":["var.azure_storage_account_account_kind"]},"azure_storage_account_blob_properties_delete_retention_policy_days":{"references":["var.azure_storage_account_blob_properties_delete_retention_policy_days"]},"azure_storage_account_blob_properties_versioning_enabled":{"references":["var.azure_storage_account_blob_properties_versioning_enabled"]},"azure_storage_account_enable_https_traffic_only":{"references":["var.azure_storage_account_enable_https_traffic_only"]},"azure_storage_account_min_tls_version":{"references":["var.azure_storage_account_min_tls_version"]},"azure_storage_account_name":{"references":["var.azure_storage_account_name"]},"azure_storage_account_network_rules_default_action":{"references":["var.azure_storage_account_network_rules_default_action"]},"azure_storage_account_network_rules_ip_rules":{"references":["var.azure_storage_account_network_rules_ip_rules"]},"azure_storage_account_replication_type":{"references":["var.azure_storage_account_replication_type"]},"azure_storage_account_tier":{"references":["var.azure_storage_account_tier"]},"tags":{"references":["local.tags","var.project","var.env"]}},"module":{"outputs":{"storage_account_id":{"expression":{"references":["azurerm_storage_account.coe_azure_storage_account.id","azurerm_storage_account.coe_azure_storage_account"]},"description":"The ID of the storage account."}},"resources":[{"address":"azurerm_storage_account.coe_azure_storage_account","mode":"managed","type":"azurerm_storage_account","name":"coe_azure_storage_account","provider_config_key":"azure_storage_account:azurerm","expressions":{"access_tier":{"references":["var.azure_storage_access_tier"]},"account_kind":{"references":["var.azure_storage_account_account_kind"]},"account_replication_type":{"references":["var.azure_storage_account_replication_type"]},"account_tier":{"references":["var.azure_storage_account_tier"]},"blob_properties":[{"delete_retention_policy":[{"days":{"references":["var.azure_storage_account_blob_properties_delete_retention_policy_days"]}}],"versioning_enabled":{"references":["var.azure_storage_account_blob_properties_versioning_enabled"]}}],"enable_https_traffic_only":{"references":["var.azure_storage_account_enable_https_traffic_only"]},"location":{"references":["var.azure_resource_group_location"]},"min_tls_version":{"references":["var.azure_storage_account_min_tls_version"]},"name":{"references":["var.azure_storage_account_name"]},"network_rules":[{"default_action":{"references":["var.azure_storage_account_network_rules_default_action"]},"ip_rules":{"references":["var.azure_storage_account_network_rules_ip_rules"]}}],"resource_group_name":{"references":["var.azure_resource_group_name"]},"tags":{"references":["var.tags"]}},"schema_version":3}],"variables":{"azure_resource_group_location":{"description":"(Required) Specifies the supported Azure location where the resource exists. Changing this forces a new resource to be created."},"azure_resource_group_name":{"description":"(Required) The name of the resource group in which to create the storage account. Changing this forces a new resource to be created."},"azure_storage_access_tier":{"description":"(Optional) Defines the access tier for BlobStorage, FileStorage and StorageV2 accounts. Valid options are Hot and Cool, defaults to Hot."},"azure_storage_account_account_kind":{"description":"(Optional) Defines the Kind of account. Valid options are BlobStorage, BlockBlobStorage, FileStorage, Storage and StorageV2. Defaults to StorageV2."},"azure_storage_account_blob_properties_delete_retention_policy_days":{"description":"(Optional) Specifies the number of days that the blob should be retained, between 1 and 365 days. Defaults to 7."},"azure_storage_account_blob_properties_versioning_enabled":{"description":"(Optional) Is versioning enabled? Default to false."},"azure_storage_account_enable_https_traffic_only":{"description":"(Optional) Boolean flag which forces HTTPS if enabled, see here for more information. Defaults to true."},"azure_storage_account_min_tls_version":{"description":"(Optional) The minimum supported TLS version for the storage account. Possible values are TLS1_0, TLS1_1, and TLS1_2. Defaults to TLS1_2 for new storage accounts."},"azure_storage_account_name":{"description":"Name of the bucket"},"azure_storage_account_network_rules_default_action":{"description":"(Required) Specifies the default action of allow or deny when no other rules match. Valid options are Deny or Allow."},"azure_storage_account_network_rules_ip_rules":{"description":"(Required) Specifies the default action of allow or deny when no other rules match. Valid options are Deny or Allow."},"azure_storage_account_replication_type":{"description":"(Required) Defines the type of replication to use for this storage account. Valid options are LRS, GRS, RAGRS, ZRS, GZRS and RAGZRS. Changing this forces a new resource to be created when types LRS, GRS and RAGRS are changed to ZRS, GZRS or RAGZRS and vice versa."},"azure_storage_account_tier":{"description":"(Required) Defines the Tier to use for this storage account. Valid options are Standard and Premium. For BlockBlobStorage and FileStorage accounts only Premium is valid. Changing this forces a new resource to be created."},"tags":{"default":{},"description":"Tags to assign to the storage account."}}}}},"variables":{"azure_container_registry_admin_enabled":{},"azure_container_registry_georeplication_location_1":{},"azure_container_registry_georeplication_zone_redundancy_enabled_1":{},"azure_container_registry_name":{},"azure_container_registry_sku":{},"azure_cosmosdb_account_capabilities_name_1":{},"azure_cosmosdb_account_capabilities_name_2":{},"azure_cosmosdb_account_capabilities_name_3":{},"azure_cosmosdb_account_capabilities_name_4":{},"azure_cosmosdb_account_consistency_level":{},"azure_cosmosdb_account_enable_automatic_failover":{},"azure_cosmosdb_account_geo_location_failover_priority_1":{},"azure_cosmosdb_account_geo_location_failover_priority_2":{},"azure_cosmosdb_account_geo_location_location_1":{},"azure_cosmosdb_account_geo_location_location_2":{},"azure_cosmosdb_account_kind":{},"azure_cosmosdb_account_max_interval_in_seconds":{},"azure_cosmosdb_account_max_staleness_prefix":{},"azure_cosmosdb_account_name":{},"azure_cosmosdb_account_offer_type":{},"azure_key_vault_access_policy_key_permissions":{},"azure_key_vault_access_policy_secret_permissions":{},"azure_key_vault_access_policy_storage_permissions":{},"azure_key_vault_enabled_for_disk_encryption":{},"azure_key_vault_name":{},"azure_key_vault_purge_protection_enabled":{},"azure_key_vault_sku_name":{},"azure_key_vault_soft_delete_retention_days":{},"azure_kubernetes_cluster_api_server_access_profile_authorized_ip_ranges":{},"azure_kubernetes_cluster_auto_scaler_profile_balance_similar_node_groups":{},"azure_kubernetes_cluster_auto_scaler_profile_expander":{},"azure_kubernetes_cluster_default_node_pool_enable_auto_scaling":{},"azure_kubernetes_cluster_default_node_pool_max_count":{},"azure_kubernetes_cluster_default_node_pool_min_count":{},"azure_kubernetes_cluster_default_node_pool_name":{},"azure_kubernetes_cluster_default_node_pool_node_count":{},"azure_kubernetes_cluster_default_node_pool_scale_down_mode":{},"azure_kubernetes_cluster_default_node_pool_type":{},"azure_kubernetes_cluster_default_node_pool_vm_size":{},"azure_kubernetes_cluster_dns_prefix":{},"azure_kubernetes_cluster_kubernetes_version":{},"azure_kubernetes_cluster_name":{},"azure_kubernetes_cluster_private_cluster_enabled":{},"azure_kubernetes_cluster_public_network_access_enabled":{},"azure_kubernetes_cluster_role_based_access_control_enabled":{},"azure_kubernetes_cluster_service_principal_client_id":{},"azure_kubernetes_cluster_service_principal_client_secret":{},"azure_kubernetes_cluster_sku_tier":{},"azure_nat_gateway_idle_timeout_in_minutes":{},"azure_nat_gateway_name":{},"azure_nat_gateway_sku_name":{},"azure_network_security_group_name":{},"azure_network_security_group_name_nsg_rules_inbound":{},"azure_network_security_group_name_nsg_rules_outbound":{},"azure_public_ip_name":{},"azure_public_ip_name_allocation_method":{},"azure_public_ip_prefix_length":{},"azure_public_ip_prefix_name":{},"azure_public_ip_sku":{},"azure_public_ip_sku_tier":{},"azure_resource_group_location":{},"azure_resource_group_name":{},"azure_storage_access_tier":{},"azure_storage_account_account_kind":{},"azure_storage_account_blob_properties_delete_retention_policy_days":{},"azure_storage_account_blob_properties_versioning_enabled":{},"azure_storage_account_enable_https_traffic_only":{},"azure_storage_account_min_tls_version":{},"azure_storage_account_name":{},"azure_storage_account_network_rules_default_action":{},"azure_storage_account_network_rules_ip_rules":{},"azure_storage_account_replication_type":{},"azure_storage_account_tier":{},"azure_vnet_address_space":{},"azure_vnet_dns_servers":{},"azure_vnet_name":{},"azure_vnet_private_subnet_address_prefixes":{},"azure_vnet_private_subnet_name":{},"azure_vnet_public_subnet_address_prefixes":{},"azure_vnet_public_subnet_name":{},"cloud":{},"env":{},"primary_region":{},"project":{},"region":{},"secondary_region":{},"tags_node_pool":{}}}}}
